// !$*UTF8*$!
{
	archiveVersion = 1;
	classes = {
	};
	objectVersion = 46;
	objects = {

/* Begin PBXBuildFile section */
		AE0021E61704C46400A220F0 /* MPManualAdViewController.m in Sources */ = {isa = PBXBuildFile; fileRef = AE0021E41704C46400A220F0 /* MPManualAdViewController.m */; };
		AE0021E71704C46400A220F0 /* MPManualAdViewController.m in Sources */ = {isa = PBXBuildFile; fileRef = AE0021E41704C46400A220F0 /* MPManualAdViewController.m */; };
		AE0021E81704C46400A220F0 /* MPManualAdViewController.m in Sources */ = {isa = PBXBuildFile; fileRef = AE0021E41704C46400A220F0 /* MPManualAdViewController.m */; };
		AE0021E91704C46400A220F0 /* MPManualAdViewController.xib in Resources */ = {isa = PBXBuildFile; fileRef = AE0021E51704C46400A220F0 /* MPManualAdViewController.xib */; };
		AE0021EA1704C46400A220F0 /* MPManualAdViewController.xib in Resources */ = {isa = PBXBuildFile; fileRef = AE0021E51704C46400A220F0 /* MPManualAdViewController.xib */; };
		AE0021EB1704C46400A220F0 /* MPManualAdViewController.xib in Resources */ = {isa = PBXBuildFile; fileRef = AE0021E51704C46400A220F0 /* MPManualAdViewController.xib */; };
		AE0021F51704C74200A220F0 /* MPManualAdViewControllerSpec.mm in Sources */ = {isa = PBXBuildFile; fileRef = AE0021F41704C74200A220F0 /* MPManualAdViewControllerSpec.mm */; settings = {COMPILER_FLAGS = "-fno-objc-arc"; }; };
		AE109198170103BD00812E6E /* KIFTestScenario+Chartboost.m in Sources */ = {isa = PBXBuildFile; fileRef = AE109197170103BD00812E6E /* KIFTestScenario+Chartboost.m */; };
		AE1091A3170108AA00812E6E /* KIFTestStep+View.m in Sources */ = {isa = PBXBuildFile; fileRef = AE1091A2170108AA00812E6E /* KIFTestStep+View.m */; };
		AE1091F517011EF400812E6E /* KIFTestScenario+Greystripe.m in Sources */ = {isa = PBXBuildFile; fileRef = AE1091F417011EF300812E6E /* KIFTestScenario+Greystripe.m */; };
		AE10920E170120E700812E6E /* CoreTelephony.framework in Frameworks */ = {isa = PBXBuildFile; fileRef = AE10920A170120E700812E6E /* CoreTelephony.framework */; };
		AE10920F170120E700812E6E /* CoreTelephony.framework in Frameworks */ = {isa = PBXBuildFile; fileRef = AE10920A170120E700812E6E /* CoreTelephony.framework */; };
		AE109210170120E700812E6E /* CoreTelephony.framework in Frameworks */ = {isa = PBXBuildFile; fileRef = AE10920A170120E700812E6E /* CoreTelephony.framework */; };
		AE109211170120E700812E6E /* Security.framework in Frameworks */ = {isa = PBXBuildFile; fileRef = AE10920B170120E700812E6E /* Security.framework */; };
		AE109212170120E700812E6E /* Security.framework in Frameworks */ = {isa = PBXBuildFile; fileRef = AE10920B170120E700812E6E /* Security.framework */; };
		AE109213170120E700812E6E /* Security.framework in Frameworks */ = {isa = PBXBuildFile; fileRef = AE10920B170120E700812E6E /* Security.framework */; };
		AE109214170120E700812E6E /* libz.dylib in Frameworks */ = {isa = PBXBuildFile; fileRef = AE10920C170120E700812E6E /* libz.dylib */; };
		AE109215170120E700812E6E /* libz.dylib in Frameworks */ = {isa = PBXBuildFile; fileRef = AE10920C170120E700812E6E /* libz.dylib */; };
		AE109216170120E700812E6E /* libz.dylib in Frameworks */ = {isa = PBXBuildFile; fileRef = AE10920C170120E700812E6E /* libz.dylib */; };
		AE109217170120E700812E6E /* libsqlite3.dylib in Frameworks */ = {isa = PBXBuildFile; fileRef = AE10920D170120E700812E6E /* libsqlite3.dylib */; };
		AE109218170120E700812E6E /* libsqlite3.dylib in Frameworks */ = {isa = PBXBuildFile; fileRef = AE10920D170120E700812E6E /* libsqlite3.dylib */; };
		AE109219170120E700812E6E /* libsqlite3.dylib in Frameworks */ = {isa = PBXBuildFile; fileRef = AE10920D170120E700812E6E /* libsqlite3.dylib */; };
		AE1175F316F7D67800363FCA /* KIFHelper.m in Sources */ = {isa = PBXBuildFile; fileRef = AE1175F216F7D67800363FCA /* KIFHelper.m */; };
		AE1175F716F7D84D00363FCA /* MPSampleAppTestScenario.m in Sources */ = {isa = PBXBuildFile; fileRef = AE1175F616F7D84D00363FCA /* MPSampleAppTestScenario.m */; };
		AE1175FA16F7D94700363FCA /* KIFTestStep+ActivityIndicator.m in Sources */ = {isa = PBXBuildFile; fileRef = AE1175F916F7D94700363FCA /* KIFTestStep+ActivityIndicator.m */; };
		AE1175FD16F7D9CF00363FCA /* KIFTestStep+Navigation.m in Sources */ = {isa = PBXBuildFile; fileRef = AE1175FC16F7D9CF00363FCA /* KIFTestStep+Navigation.m */; };
		AE11760016F7DAA200363FCA /* KIFTestStep+WebView.m in Sources */ = {isa = PBXBuildFile; fileRef = AE1175FF16F7DAA200363FCA /* KIFTestStep+WebView.m */; };
		AE23239316F78A17002C2082 /* UIKit.framework in Frameworks */ = {isa = PBXBuildFile; fileRef = AE23239216F78A17002C2082 /* UIKit.framework */; };
		AE23239516F78A17002C2082 /* Foundation.framework in Frameworks */ = {isa = PBXBuildFile; fileRef = AE23239416F78A17002C2082 /* Foundation.framework */; };
		AE23239716F78A17002C2082 /* CoreGraphics.framework in Frameworks */ = {isa = PBXBuildFile; fileRef = AE23239616F78A17002C2082 /* CoreGraphics.framework */; };
		AE23239D16F78A17002C2082 /* InfoPlist.strings in Resources */ = {isa = PBXBuildFile; fileRef = AE23239B16F78A17002C2082 /* InfoPlist.strings */; };
		AE23239F16F78A17002C2082 /* main.m in Sources */ = {isa = PBXBuildFile; fileRef = AE23239E16F78A17002C2082 /* main.m */; };
		AE2323A316F78A17002C2082 /* AppDelegate.m in Sources */ = {isa = PBXBuildFile; fileRef = AE2323A216F78A17002C2082 /* AppDelegate.m */; };
		AE2323A516F78A17002C2082 /* Default.png in Resources */ = {isa = PBXBuildFile; fileRef = AE2323A416F78A17002C2082 /* Default.png */; };
		AE2323A716F78A17002C2082 /* Default@2x.png in Resources */ = {isa = PBXBuildFile; fileRef = AE2323A616F78A17002C2082 /* Default@2x.png */; };
		AE2323A916F78A17002C2082 /* Default-568h@2x.png in Resources */ = {isa = PBXBuildFile; fileRef = AE2323A816F78A17002C2082 /* Default-568h@2x.png */; };
		AE25B3AC1704FDC4005A3017 /* UIApplication+KIF.m in Sources */ = {isa = PBXBuildFile; fileRef = AE25B3AB1704FDC4005A3017 /* UIApplication+KIF.m */; };
		AE43413D16F8EEC500B73710 /* MPAdSection.m in Sources */ = {isa = PBXBuildFile; fileRef = AE43413C16F8EEC500B73710 /* MPAdSection.m */; };
		AE43413E16F8EEC500B73710 /* MPAdSection.m in Sources */ = {isa = PBXBuildFile; fileRef = AE43413C16F8EEC500B73710 /* MPAdSection.m */; };
		AE43413F16F8EEC500B73710 /* MPAdSection.m in Sources */ = {isa = PBXBuildFile; fileRef = AE43413C16F8EEC500B73710 /* MPAdSection.m */; };
		AE43414216F8EF1600B73710 /* MPAdSectionSpec.mm in Sources */ = {isa = PBXBuildFile; fileRef = AE43414016F8EF1600B73710 /* MPAdSectionSpec.mm */; settings = {COMPILER_FLAGS = "-fno-objc-arc"; }; };
		AE43414716F9068000B73710 /* MPInterstitialAdDetailViewController.m in Sources */ = {isa = PBXBuildFile; fileRef = AE43414516F9068000B73710 /* MPInterstitialAdDetailViewController.m */; };
		AE43414816F9068000B73710 /* MPInterstitialAdDetailViewController.m in Sources */ = {isa = PBXBuildFile; fileRef = AE43414516F9068000B73710 /* MPInterstitialAdDetailViewController.m */; };
		AE43414916F9068000B73710 /* MPInterstitialAdDetailViewController.m in Sources */ = {isa = PBXBuildFile; fileRef = AE43414516F9068000B73710 /* MPInterstitialAdDetailViewController.m */; };
		AE43414A16F9068000B73710 /* MPInterstitialAdDetailViewController.xib in Resources */ = {isa = PBXBuildFile; fileRef = AE43414616F9068000B73710 /* MPInterstitialAdDetailViewController.xib */; };
		AE43414B16F9068000B73710 /* MPInterstitialAdDetailViewController.xib in Resources */ = {isa = PBXBuildFile; fileRef = AE43414616F9068000B73710 /* MPInterstitialAdDetailViewController.xib */; };
		AE43414C16F9068000B73710 /* MPInterstitialAdDetailViewController.xib in Resources */ = {isa = PBXBuildFile; fileRef = AE43414616F9068000B73710 /* MPInterstitialAdDetailViewController.xib */; };
		AE43414E16F9074A00B73710 /* MPInterstitialAdDetailViewControllerSpec.mm in Sources */ = {isa = PBXBuildFile; fileRef = AE43414D16F9074A00B73710 /* MPInterstitialAdDetailViewControllerSpec.mm */; settings = {COMPILER_FLAGS = "-fno-objc-arc"; }; };
		AE43415116F9094C00B73710 /* FakeMPInterstitialAdController.m in Sources */ = {isa = PBXBuildFile; fileRef = AE43415016F9094C00B73710 /* FakeMPInterstitialAdController.m */; };
		AE43415716F916FC00B73710 /* KIFTestStep+ViewController.m in Sources */ = {isa = PBXBuildFile; fileRef = AE43415616F916FC00B73710 /* KIFTestStep+ViewController.m */; };
		AE867A6A170215DB007E9D8C /* KIFMPInstanceProvider.m in Sources */ = {isa = PBXBuildFile; fileRef = AE867A69170215DB007E9D8C /* KIFMPInstanceProvider.m */; };
		AE867A7517021852007E9D8C /* KIFTestScenario+InMobi.m in Sources */ = {isa = PBXBuildFile; fileRef = AE867A7417021851007E9D8C /* KIFTestScenario+InMobi.m */; };
		AE867AD917027471007E9D8C /* KIFTestStep+TableView.m in Sources */ = {isa = PBXBuildFile; fileRef = AE867AD817027471007E9D8C /* KIFTestStep+TableView.m */; };
		AE867AE417034D52007E9D8C /* KIFTestStep+Logging.m in Sources */ = {isa = PBXBuildFile; fileRef = AE867AE317034D52007E9D8C /* KIFTestStep+Logging.m */; };
		AED1B2BF16FCE336000F5C39 /* MPAdSection+KIF.m in Sources */ = {isa = PBXBuildFile; fileRef = AED1B2BE16FCE336000F5C39 /* MPAdSection+KIF.m */; };
		AED1B2D016FD024D000F5C39 /* KIFTestScenario+Millennial.m in Sources */ = {isa = PBXBuildFile; fileRef = AED1B2CF16FD024D000F5C39 /* KIFTestScenario+Millennial.m */; };
		AED1B2D316FD060F000F5C39 /* UIWebView+KIF.m in Sources */ = {isa = PBXBuildFile; fileRef = AED1B2D216FD060F000F5C39 /* UIWebView+KIF.m */; };
		AED1B2EE16FD1333000F5C39 /* KIFTestScenario+GAD.m in Sources */ = {isa = PBXBuildFile; fileRef = AED1B2ED16FD1333000F5C39 /* KIFTestScenario+GAD.m */; };
		AED1B2F916FD1368000F5C39 /* KIFTestStep+Hacks.m in Sources */ = {isa = PBXBuildFile; fileRef = AED1B2F816FD1368000F5C39 /* KIFTestStep+Hacks.m */; };
		AED9E41B16F78AFA00EA71A7 /* libMoPubSDK.a in Frameworks */ = {isa = PBXBuildFile; fileRef = AED9E41616F78ADE00EA71A7 /* libMoPubSDK.a */; };
		AED9E41D16F78B1100EA71A7 /* MPCloseButtonX.png in Resources */ = {isa = PBXBuildFile; fileRef = AED9E41C16F78B1100EA71A7 /* MPCloseButtonX.png */; };
		AED9E41F16F78B1500EA71A7 /* MPCloseButtonX@2x.png in Resources */ = {isa = PBXBuildFile; fileRef = AED9E41E16F78B1500EA71A7 /* MPCloseButtonX@2x.png */; };
		AED9E42116F78B1900EA71A7 /* MRAID.bundle in Resources */ = {isa = PBXBuildFile; fileRef = AED9E42016F78B1900EA71A7 /* MRAID.bundle */; };
		AED9E42316F78B3000EA71A7 /* MPAdBrowserController.xib in Resources */ = {isa = PBXBuildFile; fileRef = AED9E42216F78B3000EA71A7 /* MPAdBrowserController.xib */; };
		AED9E45A16F78D7300EA71A7 /* UIKit.framework in Frameworks */ = {isa = PBXBuildFile; fileRef = AE23239216F78A17002C2082 /* UIKit.framework */; };
		AED9E45B16F78D7300EA71A7 /* Foundation.framework in Frameworks */ = {isa = PBXBuildFile; fileRef = AE23239416F78A17002C2082 /* Foundation.framework */; };
		AED9E45C16F78D7300EA71A7 /* CoreGraphics.framework in Frameworks */ = {isa = PBXBuildFile; fileRef = AE23239616F78A17002C2082 /* CoreGraphics.framework */; };
		AED9E46216F78D7300EA71A7 /* InfoPlist.strings in Resources */ = {isa = PBXBuildFile; fileRef = AED9E46016F78D7300EA71A7 /* InfoPlist.strings */; };
		AED9E46416F78D7300EA71A7 /* main.m in Sources */ = {isa = PBXBuildFile; fileRef = AED9E46316F78D7300EA71A7 /* main.m */; };
		AED9E46716F78D7300EA71A7 /* Cedar-iOS.framework in Frameworks */ = {isa = PBXBuildFile; fileRef = AED9E46616F78D7300EA71A7 /* Cedar-iOS.framework */; };
		AED9E46F16F78D8B00EA71A7 /* libMoPubSDK.a in Frameworks */ = {isa = PBXBuildFile; fileRef = AED9E41616F78ADE00EA71A7 /* libMoPubSDK.a */; };
		AED9E47116F78DA900EA71A7 /* StoreKit.framework in Frameworks */ = {isa = PBXBuildFile; fileRef = AED9E47016F78DA900EA71A7 /* StoreKit.framework */; };
		AED9E47316F78DAD00EA71A7 /* AdSupport.framework in Frameworks */ = {isa = PBXBuildFile; fileRef = AED9E47216F78DAD00EA71A7 /* AdSupport.framework */; };
		AED9E49D16F78F3C00EA71A7 /* libUIKit+PivotalSpecHelper-StaticLib.a in Frameworks */ = {isa = PBXBuildFile; fileRef = AED9E49816F78F2E00EA71A7 /* libUIKit+PivotalSpecHelper-StaticLib.a */; };
		AED9E4A016F78F4700EA71A7 /* libFoundation+PivotalSpecHelper-StaticLib.a in Frameworks */ = {isa = PBXBuildFile; fileRef = AED9E48916F78F2200EA71A7 /* libFoundation+PivotalSpecHelper-StaticLib.a */; };
		AED9E4A516F78F7B00EA71A7 /* libxml2.2.dylib in Frameworks */ = {isa = PBXBuildFile; fileRef = AED9E4A416F78F7B00EA71A7 /* libxml2.2.dylib */; };
		AED9E4B516F78FEF00EA71A7 /* libFoundation+PivotalCore-StaticLib.a in Frameworks */ = {isa = PBXBuildFile; fileRef = AED9E48516F78F2200EA71A7 /* libFoundation+PivotalCore-StaticLib.a */; };
		AED9E4B716F7908200EA71A7 /* AppDelegateSpec.mm in Sources */ = {isa = PBXBuildFile; fileRef = AED9E4B616F7908200EA71A7 /* AppDelegateSpec.mm */; settings = {COMPILER_FLAGS = "-fno-objc-arc"; }; };
		AED9E4B816F790B300EA71A7 /* AppDelegate.m in Sources */ = {isa = PBXBuildFile; fileRef = AE2323A216F78A17002C2082 /* AppDelegate.m */; };
		AED9E4BB16F7912900EA71A7 /* MPAdTableViewController.m in Sources */ = {isa = PBXBuildFile; fileRef = AED9E4BA16F7912900EA71A7 /* MPAdTableViewController.m */; };
		AED9E4BC16F7912D00EA71A7 /* MPAdTableViewController.m in Sources */ = {isa = PBXBuildFile; fileRef = AED9E4BA16F7912900EA71A7 /* MPAdTableViewController.m */; };
		AED9E4BF16F791CC00EA71A7 /* MPSampleAppSpecHelper.m in Sources */ = {isa = PBXBuildFile; fileRef = AED9E4BE16F791CC00EA71A7 /* MPSampleAppSpecHelper.m */; settings = {COMPILER_FLAGS = "-fno-objc-arc"; }; };
		AED9E4C116F7921500EA71A7 /* MPAdTableViewControllerSpec.mm in Sources */ = {isa = PBXBuildFile; fileRef = AED9E4C016F7921500EA71A7 /* MPAdTableViewControllerSpec.mm */; settings = {COMPILER_FLAGS = "-fno-objc-arc"; }; };
		AED9E4C516F7934900EA71A7 /* MPAdInfo.m in Sources */ = {isa = PBXBuildFile; fileRef = AED9E4C416F7934900EA71A7 /* MPAdInfo.m */; };
		AED9E4C616F7934900EA71A7 /* MPAdInfo.m in Sources */ = {isa = PBXBuildFile; fileRef = AED9E4C416F7934900EA71A7 /* MPAdInfo.m */; };
		AED9E4C916F793E300EA71A7 /* MPAdInfoSpec.mm in Sources */ = {isa = PBXBuildFile; fileRef = AED9E4C816F793E300EA71A7 /* MPAdInfoSpec.mm */; settings = {COMPILER_FLAGS = "-fno-objc-arc"; }; };
		AED9E4CC16F7987F00EA71A7 /* MPBannerAdDetailViewController.m in Sources */ = {isa = PBXBuildFile; fileRef = AED9E4CB16F7987F00EA71A7 /* MPBannerAdDetailViewController.m */; };
		AED9E4CD16F7987F00EA71A7 /* MPBannerAdDetailViewController.m in Sources */ = {isa = PBXBuildFile; fileRef = AED9E4CB16F7987F00EA71A7 /* MPBannerAdDetailViewController.m */; };
		AED9E4CF16F798AF00EA71A7 /* MPBannerAdDetailViewController.xib in Resources */ = {isa = PBXBuildFile; fileRef = AED9E4CE16F798AF00EA71A7 /* MPBannerAdDetailViewController.xib */; };
		AED9E4D016F798AF00EA71A7 /* MPBannerAdDetailViewController.xib in Resources */ = {isa = PBXBuildFile; fileRef = AED9E4CE16F798AF00EA71A7 /* MPBannerAdDetailViewController.xib */; };
		AED9E4D316F79C0300EA71A7 /* MPBannerAdDetailViewControllerSpec.mm in Sources */ = {isa = PBXBuildFile; fileRef = AED9E4D116F79C0300EA71A7 /* MPBannerAdDetailViewControllerSpec.mm */; settings = {COMPILER_FLAGS = "-fno-objc-arc"; }; };
		AED9E4DB16F7A32C00EA71A7 /* FakeMPAdView.m in Sources */ = {isa = PBXBuildFile; fileRef = AED9E4DA16F7A32C00EA71A7 /* FakeMPAdView.m */; };
		AED9E4DE16F7B00100EA71A7 /* MPSampleAppInstanceProvider.m in Sources */ = {isa = PBXBuildFile; fileRef = AED9E4DD16F7B00100EA71A7 /* MPSampleAppInstanceProvider.m */; };
		AED9E4DF16F7B00100EA71A7 /* MPSampleAppInstanceProvider.m in Sources */ = {isa = PBXBuildFile; fileRef = AED9E4DD16F7B00100EA71A7 /* MPSampleAppInstanceProvider.m */; };
		AED9E4E216F7B01E00EA71A7 /* FakeMPSampleAppInstanceProvider.m in Sources */ = {isa = PBXBuildFile; fileRef = AED9E4E116F7B01E00EA71A7 /* FakeMPSampleAppInstanceProvider.m */; };
		AED9E4E616F7B21400EA71A7 /* MPSampleAppInstanceProvider+Spec.m in Sources */ = {isa = PBXBuildFile; fileRef = AED9E4E516F7B21400EA71A7 /* MPSampleAppInstanceProvider+Spec.m */; settings = {COMPILER_FLAGS = "-fno-objc-arc"; }; };
		AED9E4E716F7B3E400EA71A7 /* AdSupport.framework in Frameworks */ = {isa = PBXBuildFile; fileRef = AED9E47216F78DAD00EA71A7 /* AdSupport.framework */; settings = {ATTRIBUTES = (Weak, ); }; };
		AED9E4E816F7B3EE00EA71A7 /* StoreKit.framework in Frameworks */ = {isa = PBXBuildFile; fileRef = AED9E47016F78DA900EA71A7 /* StoreKit.framework */; };
		AED9E4F316F7B8A600EA71A7 /* main.m in Sources */ = {isa = PBXBuildFile; fileRef = AE23239E16F78A17002C2082 /* main.m */; };
		AED9E4F416F7B8A600EA71A7 /* AppDelegate.m in Sources */ = {isa = PBXBuildFile; fileRef = AE2323A216F78A17002C2082 /* AppDelegate.m */; };
		AED9E4F516F7B8A600EA71A7 /* MPAdTableViewController.m in Sources */ = {isa = PBXBuildFile; fileRef = AED9E4BA16F7912900EA71A7 /* MPAdTableViewController.m */; };
		AED9E4F616F7B8A600EA71A7 /* MPAdInfo.m in Sources */ = {isa = PBXBuildFile; fileRef = AED9E4C416F7934900EA71A7 /* MPAdInfo.m */; };
		AED9E4F716F7B8A600EA71A7 /* MPBannerAdDetailViewController.m in Sources */ = {isa = PBXBuildFile; fileRef = AED9E4CB16F7987F00EA71A7 /* MPBannerAdDetailViewController.m */; };
		AED9E4F816F7B8A600EA71A7 /* MPSampleAppInstanceProvider.m in Sources */ = {isa = PBXBuildFile; fileRef = AED9E4DD16F7B00100EA71A7 /* MPSampleAppInstanceProvider.m */; };
		AED9E4FA16F7B8A600EA71A7 /* StoreKit.framework in Frameworks */ = {isa = PBXBuildFile; fileRef = AED9E47016F78DA900EA71A7 /* StoreKit.framework */; };
		AED9E4FB16F7B8A600EA71A7 /* AdSupport.framework in Frameworks */ = {isa = PBXBuildFile; fileRef = AED9E47216F78DAD00EA71A7 /* AdSupport.framework */; settings = {ATTRIBUTES = (Weak, ); }; };
		AED9E4FC16F7B8A600EA71A7 /* libMoPubSDK.a in Frameworks */ = {isa = PBXBuildFile; fileRef = AED9E41616F78ADE00EA71A7 /* libMoPubSDK.a */; };
		AED9E4FD16F7B8A600EA71A7 /* UIKit.framework in Frameworks */ = {isa = PBXBuildFile; fileRef = AE23239216F78A17002C2082 /* UIKit.framework */; };
		AED9E4FE16F7B8A600EA71A7 /* Foundation.framework in Frameworks */ = {isa = PBXBuildFile; fileRef = AE23239416F78A17002C2082 /* Foundation.framework */; };
		AED9E4FF16F7B8A600EA71A7 /* CoreGraphics.framework in Frameworks */ = {isa = PBXBuildFile; fileRef = AE23239616F78A17002C2082 /* CoreGraphics.framework */; };
		AED9E50116F7B8A600EA71A7 /* InfoPlist.strings in Resources */ = {isa = PBXBuildFile; fileRef = AE23239B16F78A17002C2082 /* InfoPlist.strings */; };
		AED9E50216F7B8A600EA71A7 /* Default.png in Resources */ = {isa = PBXBuildFile; fileRef = AE2323A416F78A17002C2082 /* Default.png */; };
		AED9E50316F7B8A600EA71A7 /* Default@2x.png in Resources */ = {isa = PBXBuildFile; fileRef = AE2323A616F78A17002C2082 /* Default@2x.png */; };
		AED9E50416F7B8A600EA71A7 /* Default-568h@2x.png in Resources */ = {isa = PBXBuildFile; fileRef = AE2323A816F78A17002C2082 /* Default-568h@2x.png */; };
		AED9E50516F7B8A600EA71A7 /* MPCloseButtonX.png in Resources */ = {isa = PBXBuildFile; fileRef = AED9E41C16F78B1100EA71A7 /* MPCloseButtonX.png */; };
		AED9E50616F7B8A600EA71A7 /* MPCloseButtonX@2x.png in Resources */ = {isa = PBXBuildFile; fileRef = AED9E41E16F78B1500EA71A7 /* MPCloseButtonX@2x.png */; };
		AED9E50716F7B8A600EA71A7 /* MRAID.bundle in Resources */ = {isa = PBXBuildFile; fileRef = AED9E42016F78B1900EA71A7 /* MRAID.bundle */; };
		AED9E50816F7B8A600EA71A7 /* MPAdBrowserController.xib in Resources */ = {isa = PBXBuildFile; fileRef = AED9E42216F78B3000EA71A7 /* MPAdBrowserController.xib */; };
		AED9E50916F7B8A600EA71A7 /* MPBannerAdDetailViewController.xib in Resources */ = {isa = PBXBuildFile; fileRef = AED9E4CE16F798AF00EA71A7 /* MPBannerAdDetailViewController.xib */; };
		AED9E50F16F7B8CC00EA71A7 /* libKIF.a in Frameworks */ = {isa = PBXBuildFile; fileRef = AED9E4EE16F7B89500EA71A7 /* libKIF.a */; };
		AED9E51316F7B98100EA71A7 /* MPKIFTestController.m in Sources */ = {isa = PBXBuildFile; fileRef = AED9E51216F7B98100EA71A7 /* MPKIFTestController.m */; };
		AED9E51716F7BA0900EA71A7 /* KIFTestScenario+StoreKitScenario.m in Sources */ = {isa = PBXBuildFile; fileRef = AED9E51616F7BA0900EA71A7 /* KIFTestScenario+StoreKitScenario.m */; };
		AEEA5E5216F940EC003D48F4 /* AVFoundation.framework in Frameworks */ = {isa = PBXBuildFile; fileRef = AEEA5E4A16F940EC003D48F4 /* AVFoundation.framework */; };
		AEEA5E5316F940EC003D48F4 /* AVFoundation.framework in Frameworks */ = {isa = PBXBuildFile; fileRef = AEEA5E4A16F940EC003D48F4 /* AVFoundation.framework */; };
		AEEA5E5416F940EC003D48F4 /* AVFoundation.framework in Frameworks */ = {isa = PBXBuildFile; fileRef = AEEA5E4A16F940EC003D48F4 /* AVFoundation.framework */; };
		AEEA5E5516F940EC003D48F4 /* MobileCoreServices.framework in Frameworks */ = {isa = PBXBuildFile; fileRef = AEEA5E4B16F940EC003D48F4 /* MobileCoreServices.framework */; };
		AEEA5E5616F940EC003D48F4 /* MobileCoreServices.framework in Frameworks */ = {isa = PBXBuildFile; fileRef = AEEA5E4B16F940EC003D48F4 /* MobileCoreServices.framework */; };
		AEEA5E5716F940EC003D48F4 /* MobileCoreServices.framework in Frameworks */ = {isa = PBXBuildFile; fileRef = AEEA5E4B16F940EC003D48F4 /* MobileCoreServices.framework */; };
		AEEA5E5816F940EC003D48F4 /* MediaPlayer.framework in Frameworks */ = {isa = PBXBuildFile; fileRef = AEEA5E4C16F940EC003D48F4 /* MediaPlayer.framework */; };
		AEEA5E5916F940EC003D48F4 /* MediaPlayer.framework in Frameworks */ = {isa = PBXBuildFile; fileRef = AEEA5E4C16F940EC003D48F4 /* MediaPlayer.framework */; };
		AEEA5E5A16F940EC003D48F4 /* MediaPlayer.framework in Frameworks */ = {isa = PBXBuildFile; fileRef = AEEA5E4C16F940EC003D48F4 /* MediaPlayer.framework */; };
		AEEA5E5B16F940EC003D48F4 /* QuartzCore.framework in Frameworks */ = {isa = PBXBuildFile; fileRef = AEEA5E4D16F940EC003D48F4 /* QuartzCore.framework */; };
		AEEA5E5C16F940EC003D48F4 /* QuartzCore.framework in Frameworks */ = {isa = PBXBuildFile; fileRef = AEEA5E4D16F940EC003D48F4 /* QuartzCore.framework */; };
		AEEA5E5D16F940EC003D48F4 /* QuartzCore.framework in Frameworks */ = {isa = PBXBuildFile; fileRef = AEEA5E4D16F940EC003D48F4 /* QuartzCore.framework */; };
		AEEA5E5E16F940EC003D48F4 /* SystemConfiguration.framework in Frameworks */ = {isa = PBXBuildFile; fileRef = AEEA5E4E16F940EC003D48F4 /* SystemConfiguration.framework */; };
		AEEA5E5F16F940EC003D48F4 /* SystemConfiguration.framework in Frameworks */ = {isa = PBXBuildFile; fileRef = AEEA5E4E16F940EC003D48F4 /* SystemConfiguration.framework */; };
		AEEA5E6016F940EC003D48F4 /* SystemConfiguration.framework in Frameworks */ = {isa = PBXBuildFile; fileRef = AEEA5E4E16F940EC003D48F4 /* SystemConfiguration.framework */; };
		AEEA5E6116F940EC003D48F4 /* MessageUI.framework in Frameworks */ = {isa = PBXBuildFile; fileRef = AEEA5E4F16F940EC003D48F4 /* MessageUI.framework */; };
		AEEA5E6216F940EC003D48F4 /* MessageUI.framework in Frameworks */ = {isa = PBXBuildFile; fileRef = AEEA5E4F16F940EC003D48F4 /* MessageUI.framework */; };
		AEEA5E6316F940EC003D48F4 /* MessageUI.framework in Frameworks */ = {isa = PBXBuildFile; fileRef = AEEA5E4F16F940EC003D48F4 /* MessageUI.framework */; };
		AEEA5E6416F940EC003D48F4 /* AudioToolbox.framework in Frameworks */ = {isa = PBXBuildFile; fileRef = AEEA5E5016F940EC003D48F4 /* AudioToolbox.framework */; };
		AEEA5E6516F940EC003D48F4 /* AudioToolbox.framework in Frameworks */ = {isa = PBXBuildFile; fileRef = AEEA5E5016F940EC003D48F4 /* AudioToolbox.framework */; };
		AEEA5E6616F940EC003D48F4 /* AudioToolbox.framework in Frameworks */ = {isa = PBXBuildFile; fileRef = AEEA5E5016F940EC003D48F4 /* AudioToolbox.framework */; };
		AEEA5E6716F940EC003D48F4 /* iAd.framework in Frameworks */ = {isa = PBXBuildFile; fileRef = AEEA5E5116F940EC003D48F4 /* iAd.framework */; };
		AEEA5E6816F940EC003D48F4 /* iAd.framework in Frameworks */ = {isa = PBXBuildFile; fileRef = AEEA5E5116F940EC003D48F4 /* iAd.framework */; };
		AEEA5E6916F940EC003D48F4 /* iAd.framework in Frameworks */ = {isa = PBXBuildFile; fileRef = AEEA5E5116F940EC003D48F4 /* iAd.framework */; };
		AEEA5E7316F94102003D48F4 /* libGoogleAdMobAds.a in Resources */ = {isa = PBXBuildFile; fileRef = AEEA5E7116F94102003D48F4 /* libGoogleAdMobAds.a */; };
		AEEA5E7416F94102003D48F4 /* libGoogleAdMobAds.a in Resources */ = {isa = PBXBuildFile; fileRef = AEEA5E7116F94102003D48F4 /* libGoogleAdMobAds.a */; };
		AEEA5E7516F94102003D48F4 /* libGoogleAdMobAds.a in Resources */ = {isa = PBXBuildFile; fileRef = AEEA5E7116F94102003D48F4 /* libGoogleAdMobAds.a */; };
		AEEA5E7616F94102003D48F4 /* libMMSDK_4.6.2.a in Resources */ = {isa = PBXBuildFile; fileRef = AEEA5E7216F94102003D48F4 /* libMMSDK_4.6.2.a */; };
		AEEA5E7716F94102003D48F4 /* libMMSDK_4.6.2.a in Resources */ = {isa = PBXBuildFile; fileRef = AEEA5E7216F94102003D48F4 /* libMMSDK_4.6.2.a */; };
		AEEA5E7816F94102003D48F4 /* libMMSDK_4.6.2.a in Resources */ = {isa = PBXBuildFile; fileRef = AEEA5E7216F94102003D48F4 /* libMMSDK_4.6.2.a */; };
/* End PBXBuildFile section */

/* Begin PBXContainerItemProxy section */
		AE11760116F7E12D00363FCA /* PBXContainerItemProxy */ = {
			isa = PBXContainerItemProxy;
			containerPortal = AED9E4E916F7B89400EA71A7 /* KIF.xcodeproj */;
			proxyType = 1;
			remoteGlobalIDString = AAB07267139719AC008AF393;
			remoteInfo = KIF;
		};
		AED9E41516F78ADE00EA71A7 /* PBXContainerItemProxy */ = {
			isa = PBXContainerItemProxy;
			containerPortal = AED9E40C16F78ADD00EA71A7 /* MoPubSDK.xcodeproj */;
			proxyType = 2;
			remoteGlobalIDString = AEF1F32816EF9AD700273462;
			remoteInfo = MoPubSDK;
		};
		AED9E41716F78ADE00EA71A7 /* PBXContainerItemProxy */ = {
			isa = PBXContainerItemProxy;
			containerPortal = AED9E40C16F78ADD00EA71A7 /* MoPubSDK.xcodeproj */;
			proxyType = 2;
			remoteGlobalIDString = AEA97BDE16EF9C030046D464;
			remoteInfo = Specs;
		};
		AED9E41916F78AF400EA71A7 /* PBXContainerItemProxy */ = {
			isa = PBXContainerItemProxy;
			containerPortal = AED9E40C16F78ADD00EA71A7 /* MoPubSDK.xcodeproj */;
			proxyType = 1;
			remoteGlobalIDString = AEF1F32716EF9AD700273462;
			remoteInfo = MoPubSDK;
		};
		AED9E46D16F78D8500EA71A7 /* PBXContainerItemProxy */ = {
			isa = PBXContainerItemProxy;
			containerPortal = AED9E40C16F78ADD00EA71A7 /* MoPubSDK.xcodeproj */;
			proxyType = 1;
			remoteGlobalIDString = AEF1F32716EF9AD700273462;
			remoteInfo = MoPubSDK;
		};
		AED9E48216F78F2200EA71A7 /* PBXContainerItemProxy */ = {
			isa = PBXContainerItemProxy;
			containerPortal = AED9E47916F78F2100EA71A7 /* Foundation.xcodeproj */;
			proxyType = 2;
			remoteGlobalIDString = AEA96B49168B506500861DF1;
			remoteInfo = "Foundation+PivotalCore";
		};
		AED9E48416F78F2200EA71A7 /* PBXContainerItemProxy */ = {
			isa = PBXContainerItemProxy;
			containerPortal = AED9E47916F78F2100EA71A7 /* Foundation.xcodeproj */;
			proxyType = 2;
			remoteGlobalIDString = AEA96C54168B636E00861DF1;
			remoteInfo = "Foundation+PivotalCore-StaticLib";
		};
		AED9E48616F78F2200EA71A7 /* PBXContainerItemProxy */ = {
			isa = PBXContainerItemProxy;
			containerPortal = AED9E47916F78F2100EA71A7 /* Foundation.xcodeproj */;
			proxyType = 2;
			remoteGlobalIDString = AEA96B9E168B541900861DF1;
			remoteInfo = "Foundation+PivotalSpecHelper";
		};
		AED9E48816F78F2200EA71A7 /* PBXContainerItemProxy */ = {
			isa = PBXContainerItemProxy;
			containerPortal = AED9E47916F78F2100EA71A7 /* Foundation.xcodeproj */;
			proxyType = 2;
			remoteGlobalIDString = AEA96C64168B63BD00861DF1;
			remoteInfo = "Foundation+PivotalSpecHelper-StaticLib";
		};
		AED9E48A16F78F2200EA71A7 /* PBXContainerItemProxy */ = {
			isa = PBXContainerItemProxy;
			containerPortal = AED9E47916F78F2100EA71A7 /* Foundation.xcodeproj */;
			proxyType = 2;
			remoteGlobalIDString = AEA96BD3168B561500861DF1;
			remoteInfo = FoundationSpec;
		};
		AED9E48C16F78F2200EA71A7 /* PBXContainerItemProxy */ = {
			isa = PBXContainerItemProxy;
			containerPortal = AED9E47916F78F2100EA71A7 /* Foundation.xcodeproj */;
			proxyType = 2;
			remoteGlobalIDString = AEA96C74168B640B00861DF1;
			remoteInfo = "Foundation-StaticLibSpec";
		};
		AED9E49516F78F2E00EA71A7 /* PBXContainerItemProxy */ = {
			isa = PBXContainerItemProxy;
			containerPortal = AED9E48E16F78F2E00EA71A7 /* UIKit.xcodeproj */;
			proxyType = 2;
			remoteGlobalIDString = AEBCCC24168B999F0056EE83;
			remoteInfo = "UIKit+PivotalCore-StaticLib";
		};
		AED9E49716F78F2E00EA71A7 /* PBXContainerItemProxy */ = {
			isa = PBXContainerItemProxy;
			containerPortal = AED9E48E16F78F2E00EA71A7 /* UIKit.xcodeproj */;
			proxyType = 2;
			remoteGlobalIDString = AEBCCC64168B9AF10056EE83;
			remoteInfo = "UIKit+PivotalSpecHelper-StaticLib";
		};
		AED9E49916F78F2E00EA71A7 /* PBXContainerItemProxy */ = {
			isa = PBXContainerItemProxy;
			containerPortal = AED9E48E16F78F2E00EA71A7 /* UIKit.xcodeproj */;
			proxyType = 2;
			remoteGlobalIDString = AEBCCC34168B99ED0056EE83;
			remoteInfo = "UIKit-StaticLibSpec";
		};
		AED9E49B16F78F3600EA71A7 /* PBXContainerItemProxy */ = {
			isa = PBXContainerItemProxy;
			containerPortal = AED9E48E16F78F2E00EA71A7 /* UIKit.xcodeproj */;
			proxyType = 1;
			remoteGlobalIDString = AEBCCC63168B9AF10056EE83;
			remoteInfo = "UIKit+PivotalSpecHelper-StaticLib";
		};
		AED9E49E16F78F4200EA71A7 /* PBXContainerItemProxy */ = {
			isa = PBXContainerItemProxy;
			containerPortal = AED9E47916F78F2100EA71A7 /* Foundation.xcodeproj */;
			proxyType = 1;
			remoteGlobalIDString = AEA96C63168B63BD00861DF1;
			remoteInfo = "Foundation+PivotalSpecHelper-StaticLib";
		};
		AED9E4B316F78FEB00EA71A7 /* PBXContainerItemProxy */ = {
			isa = PBXContainerItemProxy;
			containerPortal = AED9E47916F78F2100EA71A7 /* Foundation.xcodeproj */;
			proxyType = 1;
			remoteGlobalIDString = AEA96C53168B636E00861DF1;
			remoteInfo = "Foundation+PivotalCore-StaticLib";
		};
		AED9E4ED16F7B89500EA71A7 /* PBXContainerItemProxy */ = {
			isa = PBXContainerItemProxy;
			containerPortal = AED9E4E916F7B89400EA71A7 /* KIF.xcodeproj */;
			proxyType = 2;
			remoteGlobalIDString = AAB07268139719AC008AF393;
			remoteInfo = KIF;
		};
		AED9E4F116F7B8A600EA71A7 /* PBXContainerItemProxy */ = {
			isa = PBXContainerItemProxy;
			containerPortal = AED9E40C16F78ADD00EA71A7 /* MoPubSDK.xcodeproj */;
			proxyType = 1;
			remoteGlobalIDString = AEF1F32716EF9AD700273462;
			remoteInfo = MoPubSDK;
		};
/* End PBXContainerItemProxy section */

/* Begin PBXFileReference section */
		AE0021E31704C46300A220F0 /* MPManualAdViewController.h */ = {isa = PBXFileReference; fileEncoding = 4; lastKnownFileType = sourcecode.c.h; path = MPManualAdViewController.h; sourceTree = "<group>"; };
		AE0021E41704C46400A220F0 /* MPManualAdViewController.m */ = {isa = PBXFileReference; fileEncoding = 4; lastKnownFileType = sourcecode.c.objc; path = MPManualAdViewController.m; sourceTree = "<group>"; };
		AE0021E51704C46400A220F0 /* MPManualAdViewController.xib */ = {isa = PBXFileReference; fileEncoding = 4; lastKnownFileType = file.xib; path = MPManualAdViewController.xib; sourceTree = "<group>"; };
		AE0021F41704C74200A220F0 /* MPManualAdViewControllerSpec.mm */ = {isa = PBXFileReference; fileEncoding = 4; lastKnownFileType = sourcecode.cpp.objcpp; path = MPManualAdViewControllerSpec.mm; sourceTree = "<group>"; };
		AE109196170103BD00812E6E /* KIFTestScenario+Chartboost.h */ = {isa = PBXFileReference; fileEncoding = 4; lastKnownFileType = sourcecode.c.h; path = "KIFTestScenario+Chartboost.h"; sourceTree = "<group>"; };
		AE109197170103BD00812E6E /* KIFTestScenario+Chartboost.m */ = {isa = PBXFileReference; fileEncoding = 4; lastKnownFileType = sourcecode.c.objc; path = "KIFTestScenario+Chartboost.m"; sourceTree = "<group>"; };
		AE1091A1170108AA00812E6E /* KIFTestStep+View.h */ = {isa = PBXFileReference; fileEncoding = 4; lastKnownFileType = sourcecode.c.h; path = "KIFTestStep+View.h"; sourceTree = "<group>"; };
		AE1091A2170108AA00812E6E /* KIFTestStep+View.m */ = {isa = PBXFileReference; fileEncoding = 4; lastKnownFileType = sourcecode.c.objc; path = "KIFTestStep+View.m"; sourceTree = "<group>"; };
		AE1091F317011EF300812E6E /* KIFTestScenario+Greystripe.h */ = {isa = PBXFileReference; fileEncoding = 4; lastKnownFileType = sourcecode.c.h; path = "KIFTestScenario+Greystripe.h"; sourceTree = "<group>"; };
		AE1091F417011EF300812E6E /* KIFTestScenario+Greystripe.m */ = {isa = PBXFileReference; fileEncoding = 4; lastKnownFileType = sourcecode.c.objc; path = "KIFTestScenario+Greystripe.m"; sourceTree = "<group>"; };
		AE10920A170120E700812E6E /* CoreTelephony.framework */ = {isa = PBXFileReference; lastKnownFileType = wrapper.framework; name = CoreTelephony.framework; path = System/Library/Frameworks/CoreTelephony.framework; sourceTree = SDKROOT; };
		AE10920B170120E700812E6E /* Security.framework */ = {isa = PBXFileReference; lastKnownFileType = wrapper.framework; name = Security.framework; path = System/Library/Frameworks/Security.framework; sourceTree = SDKROOT; };
		AE10920C170120E700812E6E /* libz.dylib */ = {isa = PBXFileReference; lastKnownFileType = "compiled.mach-o.dylib"; name = libz.dylib; path = usr/lib/libz.dylib; sourceTree = SDKROOT; };
		AE10920D170120E700812E6E /* libsqlite3.dylib */ = {isa = PBXFileReference; lastKnownFileType = "compiled.mach-o.dylib"; name = libsqlite3.dylib; path = usr/lib/libsqlite3.dylib; sourceTree = SDKROOT; };
		AE1175F116F7D67800363FCA /* KIFHelper.h */ = {isa = PBXFileReference; fileEncoding = 4; lastKnownFileType = sourcecode.c.h; path = KIFHelper.h; sourceTree = "<group>"; };
		AE1175F216F7D67800363FCA /* KIFHelper.m */ = {isa = PBXFileReference; fileEncoding = 4; lastKnownFileType = sourcecode.c.objc; path = KIFHelper.m; sourceTree = "<group>"; };
		AE1175F416F7D71E00363FCA /* SampleAppKIF-Prefix.pch */ = {isa = PBXFileReference; lastKnownFileType = sourcecode.c.h; path = "SampleAppKIF-Prefix.pch"; sourceTree = "<group>"; };
		AE1175F516F7D84D00363FCA /* MPSampleAppTestScenario.h */ = {isa = PBXFileReference; fileEncoding = 4; lastKnownFileType = sourcecode.c.h; path = MPSampleAppTestScenario.h; sourceTree = "<group>"; };
		AE1175F616F7D84D00363FCA /* MPSampleAppTestScenario.m */ = {isa = PBXFileReference; fileEncoding = 4; lastKnownFileType = sourcecode.c.objc; path = MPSampleAppTestScenario.m; sourceTree = "<group>"; };
		AE1175F816F7D94700363FCA /* KIFTestStep+ActivityIndicator.h */ = {isa = PBXFileReference; fileEncoding = 4; lastKnownFileType = sourcecode.c.h; path = "KIFTestStep+ActivityIndicator.h"; sourceTree = "<group>"; };
		AE1175F916F7D94700363FCA /* KIFTestStep+ActivityIndicator.m */ = {isa = PBXFileReference; fileEncoding = 4; lastKnownFileType = sourcecode.c.objc; path = "KIFTestStep+ActivityIndicator.m"; sourceTree = "<group>"; };
		AE1175FB16F7D9CF00363FCA /* KIFTestStep+Navigation.h */ = {isa = PBXFileReference; fileEncoding = 4; lastKnownFileType = sourcecode.c.h; path = "KIFTestStep+Navigation.h"; sourceTree = "<group>"; };
		AE1175FC16F7D9CF00363FCA /* KIFTestStep+Navigation.m */ = {isa = PBXFileReference; fileEncoding = 4; lastKnownFileType = sourcecode.c.objc; path = "KIFTestStep+Navigation.m"; sourceTree = "<group>"; };
		AE1175FE16F7DAA200363FCA /* KIFTestStep+WebView.h */ = {isa = PBXFileReference; fileEncoding = 4; lastKnownFileType = sourcecode.c.h; path = "KIFTestStep+WebView.h"; sourceTree = "<group>"; };
		AE1175FF16F7DAA200363FCA /* KIFTestStep+WebView.m */ = {isa = PBXFileReference; fileEncoding = 4; lastKnownFileType = sourcecode.c.objc; path = "KIFTestStep+WebView.m"; sourceTree = "<group>"; };
		AE23238F16F78A17002C2082 /* MoPubSampleApp.app */ = {isa = PBXFileReference; explicitFileType = wrapper.application; includeInIndex = 0; path = MoPubSampleApp.app; sourceTree = BUILT_PRODUCTS_DIR; };
		AE23239216F78A17002C2082 /* UIKit.framework */ = {isa = PBXFileReference; lastKnownFileType = wrapper.framework; name = UIKit.framework; path = System/Library/Frameworks/UIKit.framework; sourceTree = SDKROOT; };
		AE23239416F78A17002C2082 /* Foundation.framework */ = {isa = PBXFileReference; lastKnownFileType = wrapper.framework; name = Foundation.framework; path = System/Library/Frameworks/Foundation.framework; sourceTree = SDKROOT; };
		AE23239616F78A17002C2082 /* CoreGraphics.framework */ = {isa = PBXFileReference; lastKnownFileType = wrapper.framework; name = CoreGraphics.framework; path = System/Library/Frameworks/CoreGraphics.framework; sourceTree = SDKROOT; };
		AE23239A16F78A17002C2082 /* MoPubSampleApp-Info.plist */ = {isa = PBXFileReference; lastKnownFileType = text.plist.xml; path = "MoPubSampleApp-Info.plist"; sourceTree = "<group>"; };
		AE23239C16F78A17002C2082 /* en */ = {isa = PBXFileReference; lastKnownFileType = text.plist.strings; name = en; path = en.lproj/InfoPlist.strings; sourceTree = "<group>"; };
		AE23239E16F78A17002C2082 /* main.m */ = {isa = PBXFileReference; lastKnownFileType = sourcecode.c.objc; path = main.m; sourceTree = "<group>"; };
		AE2323A016F78A17002C2082 /* MoPubSampleApp-Prefix.pch */ = {isa = PBXFileReference; lastKnownFileType = sourcecode.c.h; path = "MoPubSampleApp-Prefix.pch"; sourceTree = "<group>"; };
		AE2323A116F78A17002C2082 /* AppDelegate.h */ = {isa = PBXFileReference; lastKnownFileType = sourcecode.c.h; path = AppDelegate.h; sourceTree = "<group>"; };
		AE2323A216F78A17002C2082 /* AppDelegate.m */ = {isa = PBXFileReference; lastKnownFileType = sourcecode.c.objc; lineEnding = 0; path = AppDelegate.m; sourceTree = "<group>"; xcLanguageSpecificationIdentifier = xcode.lang.objc; };
		AE2323A416F78A17002C2082 /* Default.png */ = {isa = PBXFileReference; lastKnownFileType = image.png; path = Default.png; sourceTree = "<group>"; };
		AE2323A616F78A17002C2082 /* Default@2x.png */ = {isa = PBXFileReference; lastKnownFileType = image.png; path = "Default@2x.png"; sourceTree = "<group>"; };
		AE2323A816F78A17002C2082 /* Default-568h@2x.png */ = {isa = PBXFileReference; lastKnownFileType = image.png; path = "Default-568h@2x.png"; sourceTree = "<group>"; };
		AE25B3AA1704FDC4005A3017 /* UIApplication+KIF.h */ = {isa = PBXFileReference; fileEncoding = 4; lastKnownFileType = sourcecode.c.h; path = "UIApplication+KIF.h"; sourceTree = "<group>"; };
		AE25B3AB1704FDC4005A3017 /* UIApplication+KIF.m */ = {isa = PBXFileReference; fileEncoding = 4; lastKnownFileType = sourcecode.c.objc; path = "UIApplication+KIF.m"; sourceTree = "<group>"; };
		AE43413B16F8EEC400B73710 /* MPAdSection.h */ = {isa = PBXFileReference; fileEncoding = 4; lastKnownFileType = sourcecode.c.h; lineEnding = 0; path = MPAdSection.h; sourceTree = "<group>"; xcLanguageSpecificationIdentifier = xcode.lang.objcpp; };
		AE43413C16F8EEC500B73710 /* MPAdSection.m */ = {isa = PBXFileReference; fileEncoding = 4; lastKnownFileType = sourcecode.c.objc; lineEnding = 0; path = MPAdSection.m; sourceTree = "<group>"; xcLanguageSpecificationIdentifier = xcode.lang.objc; };
		AE43414016F8EF1600B73710 /* MPAdSectionSpec.mm */ = {isa = PBXFileReference; fileEncoding = 4; lastKnownFileType = sourcecode.cpp.objcpp; lineEnding = 0; path = MPAdSectionSpec.mm; sourceTree = "<group>"; xcLanguageSpecificationIdentifier = xcode.lang.objcpp; };
		AE43414416F9068000B73710 /* MPInterstitialAdDetailViewController.h */ = {isa = PBXFileReference; fileEncoding = 4; lastKnownFileType = sourcecode.c.h; path = MPInterstitialAdDetailViewController.h; sourceTree = "<group>"; };
		AE43414516F9068000B73710 /* MPInterstitialAdDetailViewController.m */ = {isa = PBXFileReference; fileEncoding = 4; lastKnownFileType = sourcecode.c.objc; path = MPInterstitialAdDetailViewController.m; sourceTree = "<group>"; };
		AE43414616F9068000B73710 /* MPInterstitialAdDetailViewController.xib */ = {isa = PBXFileReference; fileEncoding = 4; lastKnownFileType = file.xib; path = MPInterstitialAdDetailViewController.xib; sourceTree = "<group>"; };
		AE43414D16F9074A00B73710 /* MPInterstitialAdDetailViewControllerSpec.mm */ = {isa = PBXFileReference; fileEncoding = 4; lastKnownFileType = sourcecode.cpp.objcpp; path = MPInterstitialAdDetailViewControllerSpec.mm; sourceTree = "<group>"; };
		AE43414F16F9094C00B73710 /* FakeMPInterstitialAdController.h */ = {isa = PBXFileReference; fileEncoding = 4; lastKnownFileType = sourcecode.c.h; path = FakeMPInterstitialAdController.h; sourceTree = "<group>"; };
		AE43415016F9094C00B73710 /* FakeMPInterstitialAdController.m */ = {isa = PBXFileReference; fileEncoding = 4; lastKnownFileType = sourcecode.c.objc; path = FakeMPInterstitialAdController.m; sourceTree = "<group>"; };
		AE43415516F916FC00B73710 /* KIFTestStep+ViewController.h */ = {isa = PBXFileReference; fileEncoding = 4; lastKnownFileType = sourcecode.c.h; path = "KIFTestStep+ViewController.h"; sourceTree = "<group>"; };
		AE43415616F916FC00B73710 /* KIFTestStep+ViewController.m */ = {isa = PBXFileReference; fileEncoding = 4; lastKnownFileType = sourcecode.c.objc; path = "KIFTestStep+ViewController.m"; sourceTree = "<group>"; };
		AE43415816F9173700B73710 /* KIFTestStep+MoPubSampleApp.h */ = {isa = PBXFileReference; lastKnownFileType = sourcecode.c.h; path = "KIFTestStep+MoPubSampleApp.h"; sourceTree = "<group>"; };
		AE5CEA8416F8E24100B466AA /* SampleAppKIF-Info.plist */ = {isa = PBXFileReference; fileEncoding = 4; lastKnownFileType = text.plist.xml; path = "SampleAppKIF-Info.plist"; sourceTree = "<group>"; };
		AE867A68170215DB007E9D8C /* KIFMPInstanceProvider.h */ = {isa = PBXFileReference; fileEncoding = 4; lastKnownFileType = sourcecode.c.h; path = KIFMPInstanceProvider.h; sourceTree = "<group>"; };
		AE867A69170215DB007E9D8C /* KIFMPInstanceProvider.m */ = {isa = PBXFileReference; fileEncoding = 4; lastKnownFileType = sourcecode.c.objc; path = KIFMPInstanceProvider.m; sourceTree = "<group>"; };
		AE867A7317021851007E9D8C /* KIFTestScenario+InMobi.h */ = {isa = PBXFileReference; fileEncoding = 4; lastKnownFileType = sourcecode.c.h; path = "KIFTestScenario+InMobi.h"; sourceTree = "<group>"; };
		AE867A7417021851007E9D8C /* KIFTestScenario+InMobi.m */ = {isa = PBXFileReference; fileEncoding = 4; lastKnownFileType = sourcecode.c.objc; path = "KIFTestScenario+InMobi.m"; sourceTree = "<group>"; };
		AE867AD717027471007E9D8C /* KIFTestStep+TableView.h */ = {isa = PBXFileReference; fileEncoding = 4; lastKnownFileType = sourcecode.c.h; path = "KIFTestStep+TableView.h"; sourceTree = "<group>"; };
		AE867AD817027471007E9D8C /* KIFTestStep+TableView.m */ = {isa = PBXFileReference; fileEncoding = 4; lastKnownFileType = sourcecode.c.objc; path = "KIFTestStep+TableView.m"; sourceTree = "<group>"; };
		AE867AE217034D52007E9D8C /* KIFTestStep+Logging.h */ = {isa = PBXFileReference; fileEncoding = 4; lastKnownFileType = sourcecode.c.h; path = "KIFTestStep+Logging.h"; sourceTree = "<group>"; };
		AE867AE317034D52007E9D8C /* KIFTestStep+Logging.m */ = {isa = PBXFileReference; fileEncoding = 4; lastKnownFileType = sourcecode.c.objc; path = "KIFTestStep+Logging.m"; sourceTree = "<group>"; };
		AED1B2BD16FCE336000F5C39 /* MPAdSection+KIF.h */ = {isa = PBXFileReference; fileEncoding = 4; lastKnownFileType = sourcecode.c.h; path = "MPAdSection+KIF.h"; sourceTree = "<group>"; };
		AED1B2BE16FCE336000F5C39 /* MPAdSection+KIF.m */ = {isa = PBXFileReference; fileEncoding = 4; lastKnownFileType = sourcecode.c.objc; path = "MPAdSection+KIF.m"; sourceTree = "<group>"; };
		AED1B2CE16FD024D000F5C39 /* KIFTestScenario+Millennial.h */ = {isa = PBXFileReference; fileEncoding = 4; lastKnownFileType = sourcecode.c.h; path = "KIFTestScenario+Millennial.h"; sourceTree = "<group>"; };
		AED1B2CF16FD024D000F5C39 /* KIFTestScenario+Millennial.m */ = {isa = PBXFileReference; fileEncoding = 4; lastKnownFileType = sourcecode.c.objc; path = "KIFTestScenario+Millennial.m"; sourceTree = "<group>"; };
		AED1B2D116FD060F000F5C39 /* UIWebView+KIF.h */ = {isa = PBXFileReference; fileEncoding = 4; lastKnownFileType = sourcecode.c.h; path = "UIWebView+KIF.h"; sourceTree = "<group>"; };
		AED1B2D216FD060F000F5C39 /* UIWebView+KIF.m */ = {isa = PBXFileReference; fileEncoding = 4; lastKnownFileType = sourcecode.c.objc; path = "UIWebView+KIF.m"; sourceTree = "<group>"; };
		AED1B2EC16FD1333000F5C39 /* KIFTestScenario+GAD.h */ = {isa = PBXFileReference; fileEncoding = 4; lastKnownFileType = sourcecode.c.h; path = "KIFTestScenario+GAD.h"; sourceTree = "<group>"; };
		AED1B2ED16FD1333000F5C39 /* KIFTestScenario+GAD.m */ = {isa = PBXFileReference; fileEncoding = 4; lastKnownFileType = sourcecode.c.objc; path = "KIFTestScenario+GAD.m"; sourceTree = "<group>"; };
		AED1B2F716FD1368000F5C39 /* KIFTestStep+Hacks.h */ = {isa = PBXFileReference; fileEncoding = 4; lastKnownFileType = sourcecode.c.h; path = "KIFTestStep+Hacks.h"; sourceTree = "<group>"; };
		AED1B2F816FD1368000F5C39 /* KIFTestStep+Hacks.m */ = {isa = PBXFileReference; fileEncoding = 4; lastKnownFileType = sourcecode.c.objc; path = "KIFTestStep+Hacks.m"; sourceTree = "<group>"; };
		AED9E40C16F78ADD00EA71A7 /* MoPubSDK.xcodeproj */ = {isa = PBXFileReference; lastKnownFileType = "wrapper.pb-project"; path = MoPubSDK.xcodeproj; sourceTree = "<group>"; };
		AED9E41C16F78B1100EA71A7 /* MPCloseButtonX.png */ = {isa = PBXFileReference; lastKnownFileType = image.png; name = MPCloseButtonX.png; path = MoPubSDK/Resources/MPCloseButtonX.png; sourceTree = "<group>"; };
		AED9E41E16F78B1500EA71A7 /* MPCloseButtonX@2x.png */ = {isa = PBXFileReference; lastKnownFileType = image.png; name = "MPCloseButtonX@2x.png"; path = "MoPubSDK/Resources/MPCloseButtonX@2x.png"; sourceTree = "<group>"; };
		AED9E42016F78B1900EA71A7 /* MRAID.bundle */ = {isa = PBXFileReference; lastKnownFileType = "wrapper.plug-in"; name = MRAID.bundle; path = MoPubSDK/Resources/MRAID.bundle; sourceTree = "<group>"; };
		AED9E42216F78B3000EA71A7 /* MPAdBrowserController.xib */ = {isa = PBXFileReference; fileEncoding = 4; lastKnownFileType = file.xib; name = MPAdBrowserController.xib; path = MoPubSDK/Internal/Common/MPAdBrowserController.xib; sourceTree = "<group>"; };
		AED9E45916F78D7300EA71A7 /* SampleAppSpecs.app */ = {isa = PBXFileReference; explicitFileType = wrapper.application; includeInIndex = 0; path = SampleAppSpecs.app; sourceTree = BUILT_PRODUCTS_DIR; };
		AED9E45F16F78D7300EA71A7 /* SampleAppSpecs-Info.plist */ = {isa = PBXFileReference; lastKnownFileType = text.plist.xml; path = "SampleAppSpecs-Info.plist"; sourceTree = "<group>"; };
		AED9E46116F78D7300EA71A7 /* en */ = {isa = PBXFileReference; lastKnownFileType = text.plist.strings; name = en; path = en.lproj/InfoPlist.strings; sourceTree = "<group>"; };
		AED9E46316F78D7300EA71A7 /* main.m */ = {isa = PBXFileReference; lastKnownFileType = sourcecode.c.objc; path = main.m; sourceTree = "<group>"; };
		AED9E46516F78D7300EA71A7 /* SampleAppSpecs-Prefix.pch */ = {isa = PBXFileReference; lastKnownFileType = sourcecode.c.h; path = "SampleAppSpecs-Prefix.pch"; sourceTree = "<group>"; };
		AED9E46616F78D7300EA71A7 /* Cedar-iOS.framework */ = {isa = PBXFileReference; lastKnownFileType = wrapper.framework; name = "Cedar-iOS.framework"; path = "Frameworks/Cedar-iOS.framework"; sourceTree = "<group>"; };
		AED9E47016F78DA900EA71A7 /* StoreKit.framework */ = {isa = PBXFileReference; lastKnownFileType = wrapper.framework; name = StoreKit.framework; path = System/Library/Frameworks/StoreKit.framework; sourceTree = SDKROOT; };
		AED9E47216F78DAD00EA71A7 /* AdSupport.framework */ = {isa = PBXFileReference; lastKnownFileType = wrapper.framework; name = AdSupport.framework; path = System/Library/Frameworks/AdSupport.framework; sourceTree = SDKROOT; };
		AED9E47916F78F2100EA71A7 /* Foundation.xcodeproj */ = {isa = PBXFileReference; lastKnownFileType = "wrapper.pb-project"; name = Foundation.xcodeproj; path = Externals/PivotalCoreKit/Foundation/Foundation.xcodeproj; sourceTree = "<group>"; };
		AED9E48E16F78F2E00EA71A7 /* UIKit.xcodeproj */ = {isa = PBXFileReference; lastKnownFileType = "wrapper.pb-project"; name = UIKit.xcodeproj; path = Externals/PivotalCoreKit/UIKit/UIKit.xcodeproj; sourceTree = "<group>"; };
		AED9E4A416F78F7B00EA71A7 /* libxml2.2.dylib */ = {isa = PBXFileReference; lastKnownFileType = "compiled.mach-o.dylib"; name = libxml2.2.dylib; path = usr/lib/libxml2.2.dylib; sourceTree = SDKROOT; };
		AED9E4B616F7908200EA71A7 /* AppDelegateSpec.mm */ = {isa = PBXFileReference; fileEncoding = 4; lastKnownFileType = sourcecode.cpp.objcpp; path = AppDelegateSpec.mm; sourceTree = "<group>"; };
		AED9E4B916F7912900EA71A7 /* MPAdTableViewController.h */ = {isa = PBXFileReference; fileEncoding = 4; lastKnownFileType = sourcecode.c.h; path = MPAdTableViewController.h; sourceTree = "<group>"; };
		AED9E4BA16F7912900EA71A7 /* MPAdTableViewController.m */ = {isa = PBXFileReference; fileEncoding = 4; lastKnownFileType = sourcecode.c.objc; lineEnding = 0; path = MPAdTableViewController.m; sourceTree = "<group>"; xcLanguageSpecificationIdentifier = xcode.lang.objc; };
		AED9E4BD16F791CC00EA71A7 /* MPSampleAppSpecHelper.h */ = {isa = PBXFileReference; fileEncoding = 4; lastKnownFileType = sourcecode.c.h; path = MPSampleAppSpecHelper.h; sourceTree = "<group>"; };
		AED9E4BE16F791CC00EA71A7 /* MPSampleAppSpecHelper.m */ = {isa = PBXFileReference; fileEncoding = 4; lastKnownFileType = sourcecode.c.objc; path = MPSampleAppSpecHelper.m; sourceTree = "<group>"; };
		AED9E4C016F7921500EA71A7 /* MPAdTableViewControllerSpec.mm */ = {isa = PBXFileReference; fileEncoding = 4; lastKnownFileType = sourcecode.cpp.objcpp; lineEnding = 0; path = MPAdTableViewControllerSpec.mm; sourceTree = "<group>"; xcLanguageSpecificationIdentifier = xcode.lang.objcpp; };
		AED9E4C316F7934900EA71A7 /* MPAdInfo.h */ = {isa = PBXFileReference; fileEncoding = 4; lastKnownFileType = sourcecode.c.h; lineEnding = 0; path = MPAdInfo.h; sourceTree = "<group>"; xcLanguageSpecificationIdentifier = xcode.lang.objcpp; };
		AED9E4C416F7934900EA71A7 /* MPAdInfo.m */ = {isa = PBXFileReference; fileEncoding = 4; lastKnownFileType = sourcecode.c.objc; lineEnding = 0; path = MPAdInfo.m; sourceTree = "<group>"; xcLanguageSpecificationIdentifier = xcode.lang.objc; };
		AED9E4C816F793E300EA71A7 /* MPAdInfoSpec.mm */ = {isa = PBXFileReference; fileEncoding = 4; lastKnownFileType = sourcecode.cpp.objcpp; lineEnding = 0; path = MPAdInfoSpec.mm; sourceTree = "<group>"; xcLanguageSpecificationIdentifier = xcode.lang.objcpp; };
		AED9E4CA16F7987F00EA71A7 /* MPBannerAdDetailViewController.h */ = {isa = PBXFileReference; fileEncoding = 4; lastKnownFileType = sourcecode.c.h; lineEnding = 0; path = MPBannerAdDetailViewController.h; sourceTree = "<group>"; xcLanguageSpecificationIdentifier = xcode.lang.objcpp; };
		AED9E4CB16F7987F00EA71A7 /* MPBannerAdDetailViewController.m */ = {isa = PBXFileReference; fileEncoding = 4; lastKnownFileType = sourcecode.c.objc; lineEnding = 0; path = MPBannerAdDetailViewController.m; sourceTree = "<group>"; xcLanguageSpecificationIdentifier = xcode.lang.objc; };
		AED9E4CE16F798AF00EA71A7 /* MPBannerAdDetailViewController.xib */ = {isa = PBXFileReference; fileEncoding = 4; lastKnownFileType = file.xib; path = MPBannerAdDetailViewController.xib; sourceTree = "<group>"; };
		AED9E4D116F79C0300EA71A7 /* MPBannerAdDetailViewControllerSpec.mm */ = {isa = PBXFileReference; fileEncoding = 4; lastKnownFileType = sourcecode.cpp.objcpp; lineEnding = 0; path = MPBannerAdDetailViewControllerSpec.mm; sourceTree = "<group>"; xcLanguageSpecificationIdentifier = xcode.lang.objcpp; };
		AED9E4D916F7A32C00EA71A7 /* FakeMPAdView.h */ = {isa = PBXFileReference; fileEncoding = 4; lastKnownFileType = sourcecode.c.h; path = FakeMPAdView.h; sourceTree = "<group>"; };
		AED9E4DA16F7A32C00EA71A7 /* FakeMPAdView.m */ = {isa = PBXFileReference; fileEncoding = 4; lastKnownFileType = sourcecode.c.objc; path = FakeMPAdView.m; sourceTree = "<group>"; };
		AED9E4DC16F7B00100EA71A7 /* MPSampleAppInstanceProvider.h */ = {isa = PBXFileReference; fileEncoding = 4; lastKnownFileType = sourcecode.c.h; path = MPSampleAppInstanceProvider.h; sourceTree = "<group>"; };
		AED9E4DD16F7B00100EA71A7 /* MPSampleAppInstanceProvider.m */ = {isa = PBXFileReference; fileEncoding = 4; lastKnownFileType = sourcecode.c.objc; path = MPSampleAppInstanceProvider.m; sourceTree = "<group>"; };
		AED9E4E016F7B01E00EA71A7 /* FakeMPSampleAppInstanceProvider.h */ = {isa = PBXFileReference; fileEncoding = 4; lastKnownFileType = sourcecode.c.h; path = FakeMPSampleAppInstanceProvider.h; sourceTree = "<group>"; };
		AED9E4E116F7B01E00EA71A7 /* FakeMPSampleAppInstanceProvider.m */ = {isa = PBXFileReference; fileEncoding = 4; lastKnownFileType = sourcecode.c.objc; path = FakeMPSampleAppInstanceProvider.m; sourceTree = "<group>"; };
		AED9E4E516F7B21400EA71A7 /* MPSampleAppInstanceProvider+Spec.m */ = {isa = PBXFileReference; fileEncoding = 4; lastKnownFileType = sourcecode.c.objc; path = "MPSampleAppInstanceProvider+Spec.m"; sourceTree = "<group>"; };
		AED9E4E916F7B89400EA71A7 /* KIF.xcodeproj */ = {isa = PBXFileReference; lastKnownFileType = "wrapper.pb-project"; name = KIF.xcodeproj; path = Externals/KIF/KIF.xcodeproj; sourceTree = "<group>"; };
		AED9E50D16F7B8A600EA71A7 /* SampleAppKIF.app */ = {isa = PBXFileReference; explicitFileType = wrapper.application; includeInIndex = 0; path = SampleAppKIF.app; sourceTree = BUILT_PRODUCTS_DIR; };
		AED9E51116F7B98100EA71A7 /* MPKIFTestController.h */ = {isa = PBXFileReference; fileEncoding = 4; lastKnownFileType = sourcecode.c.h; path = MPKIFTestController.h; sourceTree = "<group>"; };
		AED9E51216F7B98100EA71A7 /* MPKIFTestController.m */ = {isa = PBXFileReference; fileEncoding = 4; lastKnownFileType = sourcecode.c.objc; path = MPKIFTestController.m; sourceTree = "<group>"; };
		AED9E51516F7BA0900EA71A7 /* KIFTestScenario+StoreKitScenario.h */ = {isa = PBXFileReference; fileEncoding = 4; lastKnownFileType = sourcecode.c.h; path = "KIFTestScenario+StoreKitScenario.h"; sourceTree = "<group>"; };
		AED9E51616F7BA0900EA71A7 /* KIFTestScenario+StoreKitScenario.m */ = {isa = PBXFileReference; fileEncoding = 4; lastKnownFileType = sourcecode.c.objc; path = "KIFTestScenario+StoreKitScenario.m"; sourceTree = "<group>"; };
		AEEA5E4A16F940EC003D48F4 /* AVFoundation.framework */ = {isa = PBXFileReference; lastKnownFileType = wrapper.framework; name = AVFoundation.framework; path = /Applications/Xcode.app/Contents/Developer/Platforms/iPhoneOS.platform/Developer/SDKs/iPhoneOS6.1.sdk/System/Library/Frameworks/AVFoundation.framework; sourceTree = "<absolute>"; };
		AEEA5E4B16F940EC003D48F4 /* MobileCoreServices.framework */ = {isa = PBXFileReference; lastKnownFileType = wrapper.framework; name = MobileCoreServices.framework; path = /Applications/Xcode.app/Contents/Developer/Platforms/iPhoneOS.platform/Developer/SDKs/iPhoneOS6.1.sdk/System/Library/Frameworks/MobileCoreServices.framework; sourceTree = "<absolute>"; };
		AEEA5E4C16F940EC003D48F4 /* MediaPlayer.framework */ = {isa = PBXFileReference; lastKnownFileType = wrapper.framework; name = MediaPlayer.framework; path = /Applications/Xcode.app/Contents/Developer/Platforms/iPhoneOS.platform/Developer/SDKs/iPhoneOS6.1.sdk/System/Library/Frameworks/MediaPlayer.framework; sourceTree = "<absolute>"; };
		AEEA5E4D16F940EC003D48F4 /* QuartzCore.framework */ = {isa = PBXFileReference; lastKnownFileType = wrapper.framework; name = QuartzCore.framework; path = /Applications/Xcode.app/Contents/Developer/Platforms/iPhoneOS.platform/Developer/SDKs/iPhoneOS6.1.sdk/System/Library/Frameworks/QuartzCore.framework; sourceTree = "<absolute>"; };
		AEEA5E4E16F940EC003D48F4 /* SystemConfiguration.framework */ = {isa = PBXFileReference; lastKnownFileType = wrapper.framework; name = SystemConfiguration.framework; path = /Applications/Xcode.app/Contents/Developer/Platforms/iPhoneOS.platform/Developer/SDKs/iPhoneOS6.1.sdk/System/Library/Frameworks/SystemConfiguration.framework; sourceTree = "<absolute>"; };
		AEEA5E4F16F940EC003D48F4 /* MessageUI.framework */ = {isa = PBXFileReference; lastKnownFileType = wrapper.framework; name = MessageUI.framework; path = /Applications/Xcode.app/Contents/Developer/Platforms/iPhoneOS.platform/Developer/SDKs/iPhoneOS6.1.sdk/System/Library/Frameworks/MessageUI.framework; sourceTree = "<absolute>"; };
		AEEA5E5016F940EC003D48F4 /* AudioToolbox.framework */ = {isa = PBXFileReference; lastKnownFileType = wrapper.framework; name = AudioToolbox.framework; path = /Applications/Xcode.app/Contents/Developer/Platforms/iPhoneOS.platform/Developer/SDKs/iPhoneOS6.1.sdk/System/Library/Frameworks/AudioToolbox.framework; sourceTree = "<absolute>"; };
		AEEA5E5116F940EC003D48F4 /* iAd.framework */ = {isa = PBXFileReference; lastKnownFileType = wrapper.framework; name = iAd.framework; path = /Applications/Xcode.app/Contents/Developer/Platforms/iPhoneOS.platform/Developer/SDKs/iPhoneOS6.1.sdk/System/Library/Frameworks/iAd.framework; sourceTree = "<absolute>"; };
		AEEA5E7116F94102003D48F4 /* libGoogleAdMobAds.a */ = {isa = PBXFileReference; lastKnownFileType = archive.ar; name = libGoogleAdMobAds.a; path = Externals/ThirdPartyNetworks/AdMob_6.3.0/libGoogleAdMobAds.a; sourceTree = "<group>"; };
		AEEA5E7216F94102003D48F4 /* libMMSDK_4.6.2.a */ = {isa = PBXFileReference; lastKnownFileType = archive.ar; name = libMMSDK_4.6.2.a; path = Externals/ThirdPartyNetworks/Millennial_4.6.2/libMMSDK_4.6.2.a; sourceTree = "<group>"; };
/* End PBXFileReference section */

/* Begin PBXFrameworksBuildPhase section */
		AE23238C16F78A17002C2082 /* Frameworks */ = {
			isa = PBXFrameworksBuildPhase;
			buildActionMask = 2147483647;
			files = (
				AED9E4E816F7B3EE00EA71A7 /* StoreKit.framework in Frameworks */,
				AED9E4E716F7B3E400EA71A7 /* AdSupport.framework in Frameworks */,
				AED9E41B16F78AFA00EA71A7 /* libMoPubSDK.a in Frameworks */,
				AE23239316F78A17002C2082 /* UIKit.framework in Frameworks */,
				AE23239516F78A17002C2082 /* Foundation.framework in Frameworks */,
				AE23239716F78A17002C2082 /* CoreGraphics.framework in Frameworks */,
				AEEA5E5216F940EC003D48F4 /* AVFoundation.framework in Frameworks */,
				AEEA5E5516F940EC003D48F4 /* MobileCoreServices.framework in Frameworks */,
				AEEA5E5816F940EC003D48F4 /* MediaPlayer.framework in Frameworks */,
				AEEA5E5B16F940EC003D48F4 /* QuartzCore.framework in Frameworks */,
				AEEA5E5E16F940EC003D48F4 /* SystemConfiguration.framework in Frameworks */,
				AEEA5E6116F940EC003D48F4 /* MessageUI.framework in Frameworks */,
				AEEA5E6416F940EC003D48F4 /* AudioToolbox.framework in Frameworks */,
				AEEA5E6716F940EC003D48F4 /* iAd.framework in Frameworks */,
				AE10920E170120E700812E6E /* CoreTelephony.framework in Frameworks */,
				AE109211170120E700812E6E /* Security.framework in Frameworks */,
				AE109214170120E700812E6E /* libz.dylib in Frameworks */,
				AE109217170120E700812E6E /* libsqlite3.dylib in Frameworks */,
			);
			runOnlyForDeploymentPostprocessing = 0;
		};
		AED9E45616F78D7300EA71A7 /* Frameworks */ = {
			isa = PBXFrameworksBuildPhase;
			buildActionMask = 2147483647;
			files = (
				AED9E4B516F78FEF00EA71A7 /* libFoundation+PivotalCore-StaticLib.a in Frameworks */,
				AED9E4A516F78F7B00EA71A7 /* libxml2.2.dylib in Frameworks */,
				AED9E4A016F78F4700EA71A7 /* libFoundation+PivotalSpecHelper-StaticLib.a in Frameworks */,
				AED9E49D16F78F3C00EA71A7 /* libUIKit+PivotalSpecHelper-StaticLib.a in Frameworks */,
				AED9E47316F78DAD00EA71A7 /* AdSupport.framework in Frameworks */,
				AED9E47116F78DA900EA71A7 /* StoreKit.framework in Frameworks */,
				AED9E46F16F78D8B00EA71A7 /* libMoPubSDK.a in Frameworks */,
				AED9E45A16F78D7300EA71A7 /* UIKit.framework in Frameworks */,
				AED9E45B16F78D7300EA71A7 /* Foundation.framework in Frameworks */,
				AED9E45C16F78D7300EA71A7 /* CoreGraphics.framework in Frameworks */,
				AED9E46716F78D7300EA71A7 /* Cedar-iOS.framework in Frameworks */,
				AEEA5E5316F940EC003D48F4 /* AVFoundation.framework in Frameworks */,
				AEEA5E5616F940EC003D48F4 /* MobileCoreServices.framework in Frameworks */,
				AEEA5E5916F940EC003D48F4 /* MediaPlayer.framework in Frameworks */,
				AEEA5E5C16F940EC003D48F4 /* QuartzCore.framework in Frameworks */,
				AEEA5E5F16F940EC003D48F4 /* SystemConfiguration.framework in Frameworks */,
				AEEA5E6216F940EC003D48F4 /* MessageUI.framework in Frameworks */,
				AEEA5E6516F940EC003D48F4 /* AudioToolbox.framework in Frameworks */,
				AEEA5E6816F940EC003D48F4 /* iAd.framework in Frameworks */,
				AE10920F170120E700812E6E /* CoreTelephony.framework in Frameworks */,
				AE109212170120E700812E6E /* Security.framework in Frameworks */,
				AE109215170120E700812E6E /* libz.dylib in Frameworks */,
				AE109218170120E700812E6E /* libsqlite3.dylib in Frameworks */,
			);
			runOnlyForDeploymentPostprocessing = 0;
		};
		AED9E4F916F7B8A600EA71A7 /* Frameworks */ = {
			isa = PBXFrameworksBuildPhase;
			buildActionMask = 2147483647;
			files = (
				AED9E50F16F7B8CC00EA71A7 /* libKIF.a in Frameworks */,
				AED9E4FA16F7B8A600EA71A7 /* StoreKit.framework in Frameworks */,
				AED9E4FB16F7B8A600EA71A7 /* AdSupport.framework in Frameworks */,
				AED9E4FC16F7B8A600EA71A7 /* libMoPubSDK.a in Frameworks */,
				AED9E4FD16F7B8A600EA71A7 /* UIKit.framework in Frameworks */,
				AED9E4FE16F7B8A600EA71A7 /* Foundation.framework in Frameworks */,
				AED9E4FF16F7B8A600EA71A7 /* CoreGraphics.framework in Frameworks */,
				AEEA5E5416F940EC003D48F4 /* AVFoundation.framework in Frameworks */,
				AEEA5E5716F940EC003D48F4 /* MobileCoreServices.framework in Frameworks */,
				AEEA5E5A16F940EC003D48F4 /* MediaPlayer.framework in Frameworks */,
				AEEA5E5D16F940EC003D48F4 /* QuartzCore.framework in Frameworks */,
				AEEA5E6016F940EC003D48F4 /* SystemConfiguration.framework in Frameworks */,
				AEEA5E6316F940EC003D48F4 /* MessageUI.framework in Frameworks */,
				AEEA5E6616F940EC003D48F4 /* AudioToolbox.framework in Frameworks */,
				AEEA5E6916F940EC003D48F4 /* iAd.framework in Frameworks */,
				AE109210170120E700812E6E /* CoreTelephony.framework in Frameworks */,
				AE109213170120E700812E6E /* Security.framework in Frameworks */,
				AE109216170120E700812E6E /* libz.dylib in Frameworks */,
				AE109219170120E700812E6E /* libsqlite3.dylib in Frameworks */,
			);
			runOnlyForDeploymentPostprocessing = 0;
		};
/* End PBXFrameworksBuildPhase section */

/* Begin PBXGroup section */
		AE1175E616F7D60000363FCA /* Steps */ = {
			isa = PBXGroup;
			children = (
				AE1175F816F7D94700363FCA /* KIFTestStep+ActivityIndicator.h */,
				AE1175F916F7D94700363FCA /* KIFTestStep+ActivityIndicator.m */,
				AE1175FB16F7D9CF00363FCA /* KIFTestStep+Navigation.h */,
				AE1175FC16F7D9CF00363FCA /* KIFTestStep+Navigation.m */,
				AE1175FE16F7DAA200363FCA /* KIFTestStep+WebView.h */,
				AE1175FF16F7DAA200363FCA /* KIFTestStep+WebView.m */,
				AE43415516F916FC00B73710 /* KIFTestStep+ViewController.h */,
				AE43415616F916FC00B73710 /* KIFTestStep+ViewController.m */,
				AE43415816F9173700B73710 /* KIFTestStep+MoPubSampleApp.h */,
				AED1B2F716FD1368000F5C39 /* KIFTestStep+Hacks.h */,
				AED1B2F816FD1368000F5C39 /* KIFTestStep+Hacks.m */,
				AE1091A1170108AA00812E6E /* KIFTestStep+View.h */,
				AE1091A2170108AA00812E6E /* KIFTestStep+View.m */,
				AE867AD717027471007E9D8C /* KIFTestStep+TableView.h */,
				AE867AD817027471007E9D8C /* KIFTestStep+TableView.m */,
				AE867AE217034D52007E9D8C /* KIFTestStep+Logging.h */,
				AE867AE317034D52007E9D8C /* KIFTestStep+Logging.m */,
			);
			path = Steps;
			sourceTree = "<group>";
		};
		AE1175F016F7D62100363FCA /* Extensions */ = {
			isa = PBXGroup;
			children = (
				AE1175F116F7D67800363FCA /* KIFHelper.h */,
				AE1175F216F7D67800363FCA /* KIFHelper.m */,
				AED1B2BD16FCE336000F5C39 /* MPAdSection+KIF.h */,
				AED1B2BE16FCE336000F5C39 /* MPAdSection+KIF.m */,
				AED1B2D116FD060F000F5C39 /* UIWebView+KIF.h */,
				AED1B2D216FD060F000F5C39 /* UIWebView+KIF.m */,
				AE867A68170215DB007E9D8C /* KIFMPInstanceProvider.h */,
				AE867A69170215DB007E9D8C /* KIFMPInstanceProvider.m */,
				AE25B3AA1704FDC4005A3017 /* UIApplication+KIF.h */,
				AE25B3AB1704FDC4005A3017 /* UIApplication+KIF.m */,
			);
			path = Extensions;
			sourceTree = "<group>";
		};
		AE23238616F78A17002C2082 = {
			isa = PBXGroup;
			children = (
				AE23239816F78A17002C2082 /* MoPubSampleApp */,
				AED9E45D16F78D7300EA71A7 /* SampleAppSpecs */,
				AED9E51016F7B93B00EA71A7 /* SampleAppKIF */,
				AE23239116F78A17002C2082 /* Frameworks */,
				AE23239016F78A17002C2082 /* Products */,
				AED9E42416F78B4200EA71A7 /* SDKResources */,
				AED9E47816F78F0300EA71A7 /* Externals */,
				AED9E40C16F78ADD00EA71A7 /* MoPubSDK.xcodeproj */,
			);
			sourceTree = "<group>";
		};
		AE23239016F78A17002C2082 /* Products */ = {
			isa = PBXGroup;
			children = (
				AE23238F16F78A17002C2082 /* MoPubSampleApp.app */,
				AED9E45916F78D7300EA71A7 /* SampleAppSpecs.app */,
				AED9E50D16F7B8A600EA71A7 /* SampleAppKIF.app */,
			);
			name = Products;
			sourceTree = "<group>";
		};
		AE23239116F78A17002C2082 /* Frameworks */ = {
			isa = PBXGroup;
			children = (
				AE10920A170120E700812E6E /* CoreTelephony.framework */,
				AE10920B170120E700812E6E /* Security.framework */,
				AE10920C170120E700812E6E /* libz.dylib */,
				AE10920D170120E700812E6E /* libsqlite3.dylib */,
				AEEA5E7116F94102003D48F4 /* libGoogleAdMobAds.a */,
				AEEA5E7216F94102003D48F4 /* libMMSDK_4.6.2.a */,
				AEEA5E4A16F940EC003D48F4 /* AVFoundation.framework */,
				AEEA5E4B16F940EC003D48F4 /* MobileCoreServices.framework */,
				AEEA5E4C16F940EC003D48F4 /* MediaPlayer.framework */,
				AEEA5E4D16F940EC003D48F4 /* QuartzCore.framework */,
				AEEA5E4E16F940EC003D48F4 /* SystemConfiguration.framework */,
				AEEA5E4F16F940EC003D48F4 /* MessageUI.framework */,
				AEEA5E5016F940EC003D48F4 /* AudioToolbox.framework */,
				AEEA5E5116F940EC003D48F4 /* iAd.framework */,
				AED9E47216F78DAD00EA71A7 /* AdSupport.framework */,
				AED9E47016F78DA900EA71A7 /* StoreKit.framework */,
				AE23239216F78A17002C2082 /* UIKit.framework */,
				AE23239416F78A17002C2082 /* Foundation.framework */,
				AE23239616F78A17002C2082 /* CoreGraphics.framework */,
			);
			name = Frameworks;
			sourceTree = "<group>";
		};
		AE23239816F78A17002C2082 /* MoPubSampleApp */ = {
			isa = PBXGroup;
			children = (
				AED9E4C216F7932400EA71A7 /* Domain */,
				AED9E47416F78EBB00EA71A7 /* Controllers */,
				AED9E47516F78EBB00EA71A7 /* Views */,
				AE2323A116F78A17002C2082 /* AppDelegate.h */,
				AE2323A216F78A17002C2082 /* AppDelegate.m */,
				AED9E4DC16F7B00100EA71A7 /* MPSampleAppInstanceProvider.h */,
				AED9E4DD16F7B00100EA71A7 /* MPSampleAppInstanceProvider.m */,
				AE23239916F78A17002C2082 /* Supporting Files */,
			);
			path = MoPubSampleApp;
			sourceTree = "<group>";
		};
		AE23239916F78A17002C2082 /* Supporting Files */ = {
			isa = PBXGroup;
			children = (
				AE23239A16F78A17002C2082 /* MoPubSampleApp-Info.plist */,
				AE23239B16F78A17002C2082 /* InfoPlist.strings */,
				AE23239E16F78A17002C2082 /* main.m */,
				AE2323A016F78A17002C2082 /* MoPubSampleApp-Prefix.pch */,
				AE2323A416F78A17002C2082 /* Default.png */,
				AE2323A616F78A17002C2082 /* Default@2x.png */,
				AE2323A816F78A17002C2082 /* Default-568h@2x.png */,
			);
			name = "Supporting Files";
			sourceTree = "<group>";
		};
		AED9E40D16F78ADD00EA71A7 /* Products */ = {
			isa = PBXGroup;
			children = (
				AED9E41616F78ADE00EA71A7 /* libMoPubSDK.a */,
				AED9E41816F78ADE00EA71A7 /* Specs.app */,
			);
			name = Products;
			sourceTree = "<group>";
		};
		AED9E42416F78B4200EA71A7 /* SDKResources */ = {
			isa = PBXGroup;
			children = (
				AED9E42216F78B3000EA71A7 /* MPAdBrowserController.xib */,
				AED9E42016F78B1900EA71A7 /* MRAID.bundle */,
				AED9E41E16F78B1500EA71A7 /* MPCloseButtonX@2x.png */,
				AED9E41C16F78B1100EA71A7 /* MPCloseButtonX.png */,
			);
			name = SDKResources;
			sourceTree = "<group>";
		};
		AED9E45D16F78D7300EA71A7 /* SampleAppSpecs */ = {
			isa = PBXGroup;
			children = (
				AED9E4E316F7B20600EA71A7 /* Extensions */,
				AED9E4D816F7A31800EA71A7 /* Fakes */,
				AED9E4C716F793D600EA71A7 /* Domain */,
				AED9E47616F78ECB00EA71A7 /* Controllers */,
				AED9E47716F78ECB00EA71A7 /* Views */,
				AED9E46616F78D7300EA71A7 /* Cedar-iOS.framework */,
				AED9E4A416F78F7B00EA71A7 /* libxml2.2.dylib */,
				AED9E45E16F78D7300EA71A7 /* Supporting Files */,
				AED9E4B616F7908200EA71A7 /* AppDelegateSpec.mm */,
				AED9E4BD16F791CC00EA71A7 /* MPSampleAppSpecHelper.h */,
				AED9E4BE16F791CC00EA71A7 /* MPSampleAppSpecHelper.m */,
			);
			name = SampleAppSpecs;
			path = MoPubSampleAppSpecs/SampleAppSpecs;
			sourceTree = "<group>";
		};
		AED9E45E16F78D7300EA71A7 /* Supporting Files */ = {
			isa = PBXGroup;
			children = (
				AED9E45F16F78D7300EA71A7 /* SampleAppSpecs-Info.plist */,
				AED9E46016F78D7300EA71A7 /* InfoPlist.strings */,
				AED9E46316F78D7300EA71A7 /* main.m */,
				AED9E46516F78D7300EA71A7 /* SampleAppSpecs-Prefix.pch */,
			);
			name = "Supporting Files";
			sourceTree = "<group>";
		};
		AED9E47416F78EBB00EA71A7 /* Controllers */ = {
			isa = PBXGroup;
			children = (
				AED9E4B916F7912900EA71A7 /* MPAdTableViewController.h */,
				AED9E4BA16F7912900EA71A7 /* MPAdTableViewController.m */,
				AED9E4CA16F7987F00EA71A7 /* MPBannerAdDetailViewController.h */,
				AED9E4CB16F7987F00EA71A7 /* MPBannerAdDetailViewController.m */,
				AED9E4CE16F798AF00EA71A7 /* MPBannerAdDetailViewController.xib */,
				AE43414416F9068000B73710 /* MPInterstitialAdDetailViewController.h */,
				AE43414516F9068000B73710 /* MPInterstitialAdDetailViewController.m */,
				AE43414616F9068000B73710 /* MPInterstitialAdDetailViewController.xib */,
				AE0021E31704C46300A220F0 /* MPManualAdViewController.h */,
				AE0021E41704C46400A220F0 /* MPManualAdViewController.m */,
				AE0021E51704C46400A220F0 /* MPManualAdViewController.xib */,
			);
			path = Controllers;
			sourceTree = "<group>";
		};
		AED9E47516F78EBB00EA71A7 /* Views */ = {
			isa = PBXGroup;
			children = (
			);
			path = Views;
			sourceTree = "<group>";
		};
		AED9E47616F78ECB00EA71A7 /* Controllers */ = {
			isa = PBXGroup;
			children = (
				AED9E4C016F7921500EA71A7 /* MPAdTableViewControllerSpec.mm */,
				AED9E4D116F79C0300EA71A7 /* MPBannerAdDetailViewControllerSpec.mm */,
				AE43414D16F9074A00B73710 /* MPInterstitialAdDetailViewControllerSpec.mm */,
				AE0021F41704C74200A220F0 /* MPManualAdViewControllerSpec.mm */,
			);
			path = Controllers;
			sourceTree = "<group>";
		};
		AED9E47716F78ECB00EA71A7 /* Views */ = {
			isa = PBXGroup;
			children = (
			);
			path = Views;
			sourceTree = "<group>";
		};
		AED9E47816F78F0300EA71A7 /* Externals */ = {
			isa = PBXGroup;
			children = (
				AED9E4E916F7B89400EA71A7 /* KIF.xcodeproj */,
				AED9E48E16F78F2E00EA71A7 /* UIKit.xcodeproj */,
				AED9E47916F78F2100EA71A7 /* Foundation.xcodeproj */,
			);
			name = Externals;
			sourceTree = "<group>";
		};
		AED9E47A16F78F2100EA71A7 /* Products */ = {
			isa = PBXGroup;
			children = (
				AED9E48316F78F2200EA71A7 /* Foundation+PivotalCore.framework */,
				AED9E48516F78F2200EA71A7 /* libFoundation+PivotalCore-StaticLib.a */,
				AED9E48716F78F2200EA71A7 /* Foundation+PivotalSpecHelper.framework */,
				AED9E48916F78F2200EA71A7 /* libFoundation+PivotalSpecHelper-StaticLib.a */,
				AED9E48B16F78F2200EA71A7 /* FoundationSpec */,
				AED9E48D16F78F2200EA71A7 /* Foundation-StaticLibSpec.app */,
			);
			name = Products;
			sourceTree = "<group>";
		};
		AED9E48F16F78F2E00EA71A7 /* Products */ = {
			isa = PBXGroup;
			children = (
				AED9E49616F78F2E00EA71A7 /* libUIKit+PivotalCore-StaticLib.a */,
				AED9E49816F78F2E00EA71A7 /* libUIKit+PivotalSpecHelper-StaticLib.a */,
				AED9E49A16F78F2E00EA71A7 /* UIKit-StaticLibSpec.app */,
			);
			name = Products;
			sourceTree = "<group>";
		};
		AED9E4C216F7932400EA71A7 /* Domain */ = {
			isa = PBXGroup;
			children = (
				AED9E4C316F7934900EA71A7 /* MPAdInfo.h */,
				AED9E4C416F7934900EA71A7 /* MPAdInfo.m */,
				AE43413B16F8EEC400B73710 /* MPAdSection.h */,
				AE43413C16F8EEC500B73710 /* MPAdSection.m */,
			);
			path = Domain;
			sourceTree = "<group>";
		};
		AED9E4C716F793D600EA71A7 /* Domain */ = {
			isa = PBXGroup;
			children = (
				AED9E4C816F793E300EA71A7 /* MPAdInfoSpec.mm */,
				AE43414016F8EF1600B73710 /* MPAdSectionSpec.mm */,
			);
			path = Domain;
			sourceTree = "<group>";
		};
		AED9E4D816F7A31800EA71A7 /* Fakes */ = {
			isa = PBXGroup;
			children = (
				AED9E4D916F7A32C00EA71A7 /* FakeMPAdView.h */,
				AED9E4DA16F7A32C00EA71A7 /* FakeMPAdView.m */,
				AED9E4E016F7B01E00EA71A7 /* FakeMPSampleAppInstanceProvider.h */,
				AED9E4E116F7B01E00EA71A7 /* FakeMPSampleAppInstanceProvider.m */,
				AE43414F16F9094C00B73710 /* FakeMPInterstitialAdController.h */,
				AE43415016F9094C00B73710 /* FakeMPInterstitialAdController.m */,
			);
			path = Fakes;
			sourceTree = "<group>";
		};
		AED9E4E316F7B20600EA71A7 /* Extensions */ = {
			isa = PBXGroup;
			children = (
				AED9E4E516F7B21400EA71A7 /* MPSampleAppInstanceProvider+Spec.m */,
			);
			path = Extensions;
			sourceTree = "<group>";
		};
		AED9E4EA16F7B89400EA71A7 /* Products */ = {
			isa = PBXGroup;
			children = (
				AED9E4EE16F7B89500EA71A7 /* libKIF.a */,
			);
			name = Products;
			sourceTree = "<group>";
		};
		AED9E51016F7B93B00EA71A7 /* SampleAppKIF */ = {
			isa = PBXGroup;
			children = (
				AE5CEA8416F8E24100B466AA /* SampleAppKIF-Info.plist */,
				AE1175F016F7D62100363FCA /* Extensions */,
				AE1175E616F7D60000363FCA /* Steps */,
				AED9E51416F7B9E400EA71A7 /* Scenarios */,
				AED9E51116F7B98100EA71A7 /* MPKIFTestController.h */,
				AED9E51216F7B98100EA71A7 /* MPKIFTestController.m */,
				AE1175F416F7D71E00363FCA /* SampleAppKIF-Prefix.pch */,
			);
			name = SampleAppKIF;
			path = MoPubSampleAppSpecs/SampleAppKIF;
			sourceTree = "<group>";
		};
		AED9E51416F7B9E400EA71A7 /* Scenarios */ = {
			isa = PBXGroup;
			children = (
				AED9E51516F7BA0900EA71A7 /* KIFTestScenario+StoreKitScenario.h */,
				AED9E51616F7BA0900EA71A7 /* KIFTestScenario+StoreKitScenario.m */,
				AE1175F516F7D84D00363FCA /* MPSampleAppTestScenario.h */,
				AE1175F616F7D84D00363FCA /* MPSampleAppTestScenario.m */,
				AED1B2CE16FD024D000F5C39 /* KIFTestScenario+Millennial.h */,
				AED1B2CF16FD024D000F5C39 /* KIFTestScenario+Millennial.m */,
				AED1B2EC16FD1333000F5C39 /* KIFTestScenario+GAD.h */,
				AED1B2ED16FD1333000F5C39 /* KIFTestScenario+GAD.m */,
				AE109196170103BD00812E6E /* KIFTestScenario+Chartboost.h */,
				AE109197170103BD00812E6E /* KIFTestScenario+Chartboost.m */,
				AE1091F317011EF300812E6E /* KIFTestScenario+Greystripe.h */,
				AE1091F417011EF300812E6E /* KIFTestScenario+Greystripe.m */,
				AE867A7317021851007E9D8C /* KIFTestScenario+InMobi.h */,
				AE867A7417021851007E9D8C /* KIFTestScenario+InMobi.m */,
			);
			path = Scenarios;
			sourceTree = "<group>";
		};
/* End PBXGroup section */

/* Begin PBXNativeTarget section */
		AE23238E16F78A17002C2082 /* MoPubSampleApp */ = {
			isa = PBXNativeTarget;
			buildConfigurationList = AE2323AC16F78A17002C2082 /* Build configuration list for PBXNativeTarget "MoPubSampleApp" */;
			buildPhases = (
				AE23238B16F78A17002C2082 /* Sources */,
				AE23238C16F78A17002C2082 /* Frameworks */,
				AE23238D16F78A17002C2082 /* Resources */,
			);
			buildRules = (
			);
			dependencies = (
				AED9E41A16F78AF400EA71A7 /* PBXTargetDependency */,
			);
			name = MoPubSampleApp;
			productName = MoPubSampleApp;
			productReference = AE23238F16F78A17002C2082 /* MoPubSampleApp.app */;
			productType = "com.apple.product-type.application";
		};
		AED9E45816F78D7300EA71A7 /* SampleAppSpecs */ = {
			isa = PBXNativeTarget;
			buildConfigurationList = AED9E46A16F78D7400EA71A7 /* Build configuration list for PBXNativeTarget "SampleAppSpecs" */;
			buildPhases = (
				AED9E45516F78D7300EA71A7 /* Sources */,
				AED9E45616F78D7300EA71A7 /* Frameworks */,
				AED9E45716F78D7300EA71A7 /* Resources */,
			);
			buildRules = (
			);
			dependencies = (
				AED9E4B416F78FEB00EA71A7 /* PBXTargetDependency */,
				AED9E49F16F78F4200EA71A7 /* PBXTargetDependency */,
				AED9E49C16F78F3600EA71A7 /* PBXTargetDependency */,
				AED9E46E16F78D8500EA71A7 /* PBXTargetDependency */,
			);
			name = SampleAppSpecs;
			productName = SampleAppSpecs;
			productReference = AED9E45916F78D7300EA71A7 /* SampleAppSpecs.app */;
			productType = "com.apple.product-type.application";
		};
		AED9E4EF16F7B8A600EA71A7 /* SampleAppKIF */ = {
			isa = PBXNativeTarget;
			buildConfigurationList = AED9E50A16F7B8A600EA71A7 /* Build configuration list for PBXNativeTarget "SampleAppKIF" */;
			buildPhases = (
				AED9E4F216F7B8A600EA71A7 /* Sources */,
				AED9E4F916F7B8A600EA71A7 /* Frameworks */,
				AED9E50016F7B8A600EA71A7 /* Resources */,
			);
			buildRules = (
			);
			dependencies = (
				AE11760216F7E12D00363FCA /* PBXTargetDependency */,
				AED9E4F016F7B8A600EA71A7 /* PBXTargetDependency */,
			);
			name = SampleAppKIF;
			productName = MoPubSampleApp;
			productReference = AED9E50D16F7B8A600EA71A7 /* SampleAppKIF.app */;
			productType = "com.apple.product-type.application";
		};
/* End PBXNativeTarget section */

/* Begin PBXProject section */
		AE23238716F78A17002C2082 /* Project object */ = {
			isa = PBXProject;
			attributes = {
				LastUpgradeCheck = 0460;
				ORGANIZATIONNAME = MoPub;
			};
			buildConfigurationList = AE23238A16F78A17002C2082 /* Build configuration list for PBXProject "MoPubSampleApp" */;
			compatibilityVersion = "Xcode 3.2";
			developmentRegion = English;
			hasScannedForEncodings = 0;
			knownRegions = (
				en,
			);
			mainGroup = AE23238616F78A17002C2082;
			productRefGroup = AE23239016F78A17002C2082 /* Products */;
			projectDirPath = "";
			projectReferences = (
				{
					ProductGroup = AED9E47A16F78F2100EA71A7 /* Products */;
					ProjectRef = AED9E47916F78F2100EA71A7 /* Foundation.xcodeproj */;
				},
				{
					ProductGroup = AED9E4EA16F7B89400EA71A7 /* Products */;
					ProjectRef = AED9E4E916F7B89400EA71A7 /* KIF.xcodeproj */;
				},
				{
					ProductGroup = AED9E40D16F78ADD00EA71A7 /* Products */;
					ProjectRef = AED9E40C16F78ADD00EA71A7 /* MoPubSDK.xcodeproj */;
				},
				{
					ProductGroup = AED9E48F16F78F2E00EA71A7 /* Products */;
					ProjectRef = AED9E48E16F78F2E00EA71A7 /* UIKit.xcodeproj */;
				},
			);
			projectRoot = "";
			targets = (
				AE23238E16F78A17002C2082 /* MoPubSampleApp */,
				AED9E45816F78D7300EA71A7 /* SampleAppSpecs */,
				AED9E4EF16F7B8A600EA71A7 /* SampleAppKIF */,
			);
		};
/* End PBXProject section */

/* Begin PBXReferenceProxy section */
		AED9E41616F78ADE00EA71A7 /* libMoPubSDK.a */ = {
			isa = PBXReferenceProxy;
			fileType = archive.ar;
			path = libMoPubSDK.a;
			remoteRef = AED9E41516F78ADE00EA71A7 /* PBXContainerItemProxy */;
			sourceTree = BUILT_PRODUCTS_DIR;
		};
		AED9E41816F78ADE00EA71A7 /* Specs.app */ = {
			isa = PBXReferenceProxy;
			fileType = wrapper.application;
			path = Specs.app;
			remoteRef = AED9E41716F78ADE00EA71A7 /* PBXContainerItemProxy */;
			sourceTree = BUILT_PRODUCTS_DIR;
		};
		AED9E48316F78F2200EA71A7 /* Foundation+PivotalCore.framework */ = {
			isa = PBXReferenceProxy;
			fileType = wrapper.framework;
			path = "Foundation+PivotalCore.framework";
			remoteRef = AED9E48216F78F2200EA71A7 /* PBXContainerItemProxy */;
			sourceTree = BUILT_PRODUCTS_DIR;
		};
		AED9E48516F78F2200EA71A7 /* libFoundation+PivotalCore-StaticLib.a */ = {
			isa = PBXReferenceProxy;
			fileType = archive.ar;
			path = "libFoundation+PivotalCore-StaticLib.a";
			remoteRef = AED9E48416F78F2200EA71A7 /* PBXContainerItemProxy */;
			sourceTree = BUILT_PRODUCTS_DIR;
		};
		AED9E48716F78F2200EA71A7 /* Foundation+PivotalSpecHelper.framework */ = {
			isa = PBXReferenceProxy;
			fileType = wrapper.framework;
			path = "Foundation+PivotalSpecHelper.framework";
			remoteRef = AED9E48616F78F2200EA71A7 /* PBXContainerItemProxy */;
			sourceTree = BUILT_PRODUCTS_DIR;
		};
		AED9E48916F78F2200EA71A7 /* libFoundation+PivotalSpecHelper-StaticLib.a */ = {
			isa = PBXReferenceProxy;
			fileType = archive.ar;
			path = "libFoundation+PivotalSpecHelper-StaticLib.a";
			remoteRef = AED9E48816F78F2200EA71A7 /* PBXContainerItemProxy */;
			sourceTree = BUILT_PRODUCTS_DIR;
		};
		AED9E48B16F78F2200EA71A7 /* FoundationSpec */ = {
			isa = PBXReferenceProxy;
			fileType = "compiled.mach-o.executable";
			path = FoundationSpec;
			remoteRef = AED9E48A16F78F2200EA71A7 /* PBXContainerItemProxy */;
			sourceTree = BUILT_PRODUCTS_DIR;
		};
		AED9E48D16F78F2200EA71A7 /* Foundation-StaticLibSpec.app */ = {
			isa = PBXReferenceProxy;
			fileType = wrapper.application;
			path = "Foundation-StaticLibSpec.app";
			remoteRef = AED9E48C16F78F2200EA71A7 /* PBXContainerItemProxy */;
			sourceTree = BUILT_PRODUCTS_DIR;
		};
		AED9E49616F78F2E00EA71A7 /* libUIKit+PivotalCore-StaticLib.a */ = {
			isa = PBXReferenceProxy;
			fileType = archive.ar;
			path = "libUIKit+PivotalCore-StaticLib.a";
			remoteRef = AED9E49516F78F2E00EA71A7 /* PBXContainerItemProxy */;
			sourceTree = BUILT_PRODUCTS_DIR;
		};
		AED9E49816F78F2E00EA71A7 /* libUIKit+PivotalSpecHelper-StaticLib.a */ = {
			isa = PBXReferenceProxy;
			fileType = archive.ar;
			path = "libUIKit+PivotalSpecHelper-StaticLib.a";
			remoteRef = AED9E49716F78F2E00EA71A7 /* PBXContainerItemProxy */;
			sourceTree = BUILT_PRODUCTS_DIR;
		};
		AED9E49A16F78F2E00EA71A7 /* UIKit-StaticLibSpec.app */ = {
			isa = PBXReferenceProxy;
			fileType = wrapper.application;
			path = "UIKit-StaticLibSpec.app";
			remoteRef = AED9E49916F78F2E00EA71A7 /* PBXContainerItemProxy */;
			sourceTree = BUILT_PRODUCTS_DIR;
		};
		AED9E4EE16F7B89500EA71A7 /* libKIF.a */ = {
			isa = PBXReferenceProxy;
			fileType = archive.ar;
			path = libKIF.a;
			remoteRef = AED9E4ED16F7B89500EA71A7 /* PBXContainerItemProxy */;
			sourceTree = BUILT_PRODUCTS_DIR;
		};
/* End PBXReferenceProxy section */

/* Begin PBXResourcesBuildPhase section */
		AE23238D16F78A17002C2082 /* Resources */ = {
			isa = PBXResourcesBuildPhase;
			buildActionMask = 2147483647;
			files = (
				AE23239D16F78A17002C2082 /* InfoPlist.strings in Resources */,
				AE2323A516F78A17002C2082 /* Default.png in Resources */,
				AE2323A716F78A17002C2082 /* Default@2x.png in Resources */,
				AE2323A916F78A17002C2082 /* Default-568h@2x.png in Resources */,
				AED9E41D16F78B1100EA71A7 /* MPCloseButtonX.png in Resources */,
				AED9E41F16F78B1500EA71A7 /* MPCloseButtonX@2x.png in Resources */,
				AED9E42116F78B1900EA71A7 /* MRAID.bundle in Resources */,
				AED9E42316F78B3000EA71A7 /* MPAdBrowserController.xib in Resources */,
				AED9E4CF16F798AF00EA71A7 /* MPBannerAdDetailViewController.xib in Resources */,
				AE43414A16F9068000B73710 /* MPInterstitialAdDetailViewController.xib in Resources */,
				AEEA5E7316F94102003D48F4 /* libGoogleAdMobAds.a in Resources */,
				AEEA5E7616F94102003D48F4 /* libMMSDK_4.6.2.a in Resources */,
				AE0021E91704C46400A220F0 /* MPManualAdViewController.xib in Resources */,
			);
			runOnlyForDeploymentPostprocessing = 0;
		};
		AED9E45716F78D7300EA71A7 /* Resources */ = {
			isa = PBXResourcesBuildPhase;
			buildActionMask = 2147483647;
			files = (
				AED9E46216F78D7300EA71A7 /* InfoPlist.strings in Resources */,
				AED9E4D016F798AF00EA71A7 /* MPBannerAdDetailViewController.xib in Resources */,
				AE43414B16F9068000B73710 /* MPInterstitialAdDetailViewController.xib in Resources */,
				AEEA5E7416F94102003D48F4 /* libGoogleAdMobAds.a in Resources */,
				AEEA5E7716F94102003D48F4 /* libMMSDK_4.6.2.a in Resources */,
				AE0021EA1704C46400A220F0 /* MPManualAdViewController.xib in Resources */,
			);
			runOnlyForDeploymentPostprocessing = 0;
		};
		AED9E50016F7B8A600EA71A7 /* Resources */ = {
			isa = PBXResourcesBuildPhase;
			buildActionMask = 2147483647;
			files = (
				AED9E50116F7B8A600EA71A7 /* InfoPlist.strings in Resources */,
				AED9E50216F7B8A600EA71A7 /* Default.png in Resources */,
				AED9E50316F7B8A600EA71A7 /* Default@2x.png in Resources */,
				AED9E50416F7B8A600EA71A7 /* Default-568h@2x.png in Resources */,
				AED9E50516F7B8A600EA71A7 /* MPCloseButtonX.png in Resources */,
				AED9E50616F7B8A600EA71A7 /* MPCloseButtonX@2x.png in Resources */,
				AED9E50716F7B8A600EA71A7 /* MRAID.bundle in Resources */,
				AED9E50816F7B8A600EA71A7 /* MPAdBrowserController.xib in Resources */,
				AED9E50916F7B8A600EA71A7 /* MPBannerAdDetailViewController.xib in Resources */,
				AE43414C16F9068000B73710 /* MPInterstitialAdDetailViewController.xib in Resources */,
				AEEA5E7516F94102003D48F4 /* libGoogleAdMobAds.a in Resources */,
				AEEA5E7816F94102003D48F4 /* libMMSDK_4.6.2.a in Resources */,
				AE0021EB1704C46400A220F0 /* MPManualAdViewController.xib in Resources */,
			);
			runOnlyForDeploymentPostprocessing = 0;
		};
/* End PBXResourcesBuildPhase section */

/* Begin PBXSourcesBuildPhase section */
		AE23238B16F78A17002C2082 /* Sources */ = {
			isa = PBXSourcesBuildPhase;
			buildActionMask = 2147483647;
			files = (
				AE23239F16F78A17002C2082 /* main.m in Sources */,
				AE2323A316F78A17002C2082 /* AppDelegate.m in Sources */,
				AED9E4BB16F7912900EA71A7 /* MPAdTableViewController.m in Sources */,
				AED9E4C516F7934900EA71A7 /* MPAdInfo.m in Sources */,
				AED9E4CC16F7987F00EA71A7 /* MPBannerAdDetailViewController.m in Sources */,
				AED9E4DE16F7B00100EA71A7 /* MPSampleAppInstanceProvider.m in Sources */,
				AE43413D16F8EEC500B73710 /* MPAdSection.m in Sources */,
				AE43414716F9068000B73710 /* MPInterstitialAdDetailViewController.m in Sources */,
				AE0021E61704C46400A220F0 /* MPManualAdViewController.m in Sources */,
			);
			runOnlyForDeploymentPostprocessing = 0;
		};
		AED9E45516F78D7300EA71A7 /* Sources */ = {
			isa = PBXSourcesBuildPhase;
			buildActionMask = 2147483647;
			files = (
				AED9E46416F78D7300EA71A7 /* main.m in Sources */,
				AED9E4B716F7908200EA71A7 /* AppDelegateSpec.mm in Sources */,
				AED9E4B816F790B300EA71A7 /* AppDelegate.m in Sources */,
				AED9E4BC16F7912D00EA71A7 /* MPAdTableViewController.m in Sources */,
				AED9E4BF16F791CC00EA71A7 /* MPSampleAppSpecHelper.m in Sources */,
				AED9E4C116F7921500EA71A7 /* MPAdTableViewControllerSpec.mm in Sources */,
				AED9E4C616F7934900EA71A7 /* MPAdInfo.m in Sources */,
				AED9E4C916F793E300EA71A7 /* MPAdInfoSpec.mm in Sources */,
				AED9E4CD16F7987F00EA71A7 /* MPBannerAdDetailViewController.m in Sources */,
				AED9E4D316F79C0300EA71A7 /* MPBannerAdDetailViewControllerSpec.mm in Sources */,
				AED9E4DB16F7A32C00EA71A7 /* FakeMPAdView.m in Sources */,
				AED9E4DF16F7B00100EA71A7 /* MPSampleAppInstanceProvider.m in Sources */,
				AED9E4E216F7B01E00EA71A7 /* FakeMPSampleAppInstanceProvider.m in Sources */,
				AED9E4E616F7B21400EA71A7 /* MPSampleAppInstanceProvider+Spec.m in Sources */,
				AE43413E16F8EEC500B73710 /* MPAdSection.m in Sources */,
				AE43414216F8EF1600B73710 /* MPAdSectionSpec.mm in Sources */,
				AE43414816F9068000B73710 /* MPInterstitialAdDetailViewController.m in Sources */,
				AE43414E16F9074A00B73710 /* MPInterstitialAdDetailViewControllerSpec.mm in Sources */,
				AE43415116F9094C00B73710 /* FakeMPInterstitialAdController.m in Sources */,
				AE0021E71704C46400A220F0 /* MPManualAdViewController.m in Sources */,
				AE0021F51704C74200A220F0 /* MPManualAdViewControllerSpec.mm in Sources */,
			);
			runOnlyForDeploymentPostprocessing = 0;
		};
		AED9E4F216F7B8A600EA71A7 /* Sources */ = {
			isa = PBXSourcesBuildPhase;
			buildActionMask = 2147483647;
			files = (
				AED9E4F316F7B8A600EA71A7 /* main.m in Sources */,
				AED9E4F416F7B8A600EA71A7 /* AppDelegate.m in Sources */,
				AED9E4F516F7B8A600EA71A7 /* MPAdTableViewController.m in Sources */,
				AED9E4F616F7B8A600EA71A7 /* MPAdInfo.m in Sources */,
				AED9E4F716F7B8A600EA71A7 /* MPBannerAdDetailViewController.m in Sources */,
				AED9E4F816F7B8A600EA71A7 /* MPSampleAppInstanceProvider.m in Sources */,
				AED9E51316F7B98100EA71A7 /* MPKIFTestController.m in Sources */,
				AED9E51716F7BA0900EA71A7 /* KIFTestScenario+StoreKitScenario.m in Sources */,
				AE1175F316F7D67800363FCA /* KIFHelper.m in Sources */,
				AE1175F716F7D84D00363FCA /* MPSampleAppTestScenario.m in Sources */,
				AE1175FA16F7D94700363FCA /* KIFTestStep+ActivityIndicator.m in Sources */,
				AE1175FD16F7D9CF00363FCA /* KIFTestStep+Navigation.m in Sources */,
				AE11760016F7DAA200363FCA /* KIFTestStep+WebView.m in Sources */,
				AE43413F16F8EEC500B73710 /* MPAdSection.m in Sources */,
				AE43414916F9068000B73710 /* MPInterstitialAdDetailViewController.m in Sources */,
				AE43415716F916FC00B73710 /* KIFTestStep+ViewController.m in Sources */,
				AED1B2BF16FCE336000F5C39 /* MPAdSection+KIF.m in Sources */,
				AED1B2D016FD024D000F5C39 /* KIFTestScenario+Millennial.m in Sources */,
				AED1B2D316FD060F000F5C39 /* UIWebView+KIF.m in Sources */,
				AED1B2EE16FD1333000F5C39 /* KIFTestScenario+GAD.m in Sources */,
				AED1B2F916FD1368000F5C39 /* KIFTestStep+Hacks.m in Sources */,
				AE109198170103BD00812E6E /* KIFTestScenario+Chartboost.m in Sources */,
				AE1091A3170108AA00812E6E /* KIFTestStep+View.m in Sources */,
				AE1091F517011EF400812E6E /* KIFTestScenario+Greystripe.m in Sources */,
				AE867A6A170215DB007E9D8C /* KIFMPInstanceProvider.m in Sources */,
				AE867A7517021852007E9D8C /* KIFTestScenario+InMobi.m in Sources */,
				AE867AD917027471007E9D8C /* KIFTestStep+TableView.m in Sources */,
				AE867AE417034D52007E9D8C /* KIFTestStep+Logging.m in Sources */,
				AE0021E81704C46400A220F0 /* MPManualAdViewController.m in Sources */,
				AE25B3AC1704FDC4005A3017 /* UIApplication+KIF.m in Sources */,
			);
			runOnlyForDeploymentPostprocessing = 0;
		};
/* End PBXSourcesBuildPhase section */

/* Begin PBXTargetDependency section */
		AE11760216F7E12D00363FCA /* PBXTargetDependency */ = {
			isa = PBXTargetDependency;
			name = KIF;
			targetProxy = AE11760116F7E12D00363FCA /* PBXContainerItemProxy */;
		};
		AED9E41A16F78AF400EA71A7 /* PBXTargetDependency */ = {
			isa = PBXTargetDependency;
			name = MoPubSDK;
			targetProxy = AED9E41916F78AF400EA71A7 /* PBXContainerItemProxy */;
		};
		AED9E46E16F78D8500EA71A7 /* PBXTargetDependency */ = {
			isa = PBXTargetDependency;
			name = MoPubSDK;
			targetProxy = AED9E46D16F78D8500EA71A7 /* PBXContainerItemProxy */;
		};
		AED9E49C16F78F3600EA71A7 /* PBXTargetDependency */ = {
			isa = PBXTargetDependency;
			name = "UIKit+PivotalSpecHelper-StaticLib";
			targetProxy = AED9E49B16F78F3600EA71A7 /* PBXContainerItemProxy */;
		};
		AED9E49F16F78F4200EA71A7 /* PBXTargetDependency */ = {
			isa = PBXTargetDependency;
			name = "Foundation+PivotalSpecHelper-StaticLib";
			targetProxy = AED9E49E16F78F4200EA71A7 /* PBXContainerItemProxy */;
		};
		AED9E4B416F78FEB00EA71A7 /* PBXTargetDependency */ = {
			isa = PBXTargetDependency;
			name = "Foundation+PivotalCore-StaticLib";
			targetProxy = AED9E4B316F78FEB00EA71A7 /* PBXContainerItemProxy */;
		};
		AED9E4F016F7B8A600EA71A7 /* PBXTargetDependency */ = {
			isa = PBXTargetDependency;
			name = MoPubSDK;
			targetProxy = AED9E4F116F7B8A600EA71A7 /* PBXContainerItemProxy */;
		};
/* End PBXTargetDependency section */

/* Begin PBXVariantGroup section */
		AE23239B16F78A17002C2082 /* InfoPlist.strings */ = {
			isa = PBXVariantGroup;
			children = (
				AE23239C16F78A17002C2082 /* en */,
			);
			name = InfoPlist.strings;
			sourceTree = "<group>";
		};
		AED9E46016F78D7300EA71A7 /* InfoPlist.strings */ = {
			isa = PBXVariantGroup;
			children = (
				AED9E46116F78D7300EA71A7 /* en */,
			);
			name = InfoPlist.strings;
			sourceTree = "<group>";
		};
/* End PBXVariantGroup section */

/* Begin XCBuildConfiguration section */
		AE2323AA16F78A17002C2082 /* Debug */ = {
			isa = XCBuildConfiguration;
			buildSettings = {
				ALWAYS_SEARCH_USER_PATHS = NO;
				CLANG_CXX_LANGUAGE_STANDARD = "gnu++0x";
				CLANG_CXX_LIBRARY = "libc++";
				CLANG_ENABLE_OBJC_ARC = YES;
				CLANG_WARN_CONSTANT_CONVERSION = YES;
				CLANG_WARN_EMPTY_BODY = YES;
				CLANG_WARN_ENUM_CONVERSION = YES;
				CLANG_WARN_INT_CONVERSION = YES;
				CLANG_WARN__DUPLICATE_METHOD_MATCH = YES;
				"CODE_SIGN_IDENTITY[sdk=iphoneos*]" = "iPhone Developer";
				COPY_PHASE_STRIP = NO;
				GCC_C_LANGUAGE_STANDARD = gnu99;
				GCC_DYNAMIC_NO_PIC = NO;
				GCC_OPTIMIZATION_LEVEL = 0;
				GCC_PREPROCESSOR_DEFINITIONS = (
					"DEBUG=1",
					"$(inherited)",
				);
				GCC_SYMBOLS_PRIVATE_EXTERN = NO;
				GCC_WARN_ABOUT_RETURN_TYPE = YES;
				GCC_WARN_UNINITIALIZED_AUTOS = YES;
				GCC_WARN_UNUSED_VARIABLE = YES;
				IPHONEOS_DEPLOYMENT_TARGET = 6.1;
				ONLY_ACTIVE_ARCH = YES;
				SDKROOT = iphoneos;
				TARGETED_DEVICE_FAMILY = "1,2";
			};
			name = Debug;
		};
		AE2323AB16F78A17002C2082 /* Release */ = {
			isa = XCBuildConfiguration;
			buildSettings = {
				ALWAYS_SEARCH_USER_PATHS = NO;
				CLANG_CXX_LANGUAGE_STANDARD = "gnu++0x";
				CLANG_CXX_LIBRARY = "libc++";
				CLANG_ENABLE_OBJC_ARC = YES;
				CLANG_WARN_CONSTANT_CONVERSION = YES;
				CLANG_WARN_EMPTY_BODY = YES;
				CLANG_WARN_ENUM_CONVERSION = YES;
				CLANG_WARN_INT_CONVERSION = YES;
				CLANG_WARN__DUPLICATE_METHOD_MATCH = YES;
				"CODE_SIGN_IDENTITY[sdk=iphoneos*]" = "iPhone Developer";
				COPY_PHASE_STRIP = YES;
				GCC_C_LANGUAGE_STANDARD = gnu99;
				GCC_PREPROCESSOR_DEFINITIONS = "";
				GCC_WARN_ABOUT_RETURN_TYPE = YES;
				GCC_WARN_UNINITIALIZED_AUTOS = YES;
				GCC_WARN_UNUSED_VARIABLE = YES;
				IPHONEOS_DEPLOYMENT_TARGET = 6.1;
				OTHER_CFLAGS = "-DNS_BLOCK_ASSERTIONS=1";
				SDKROOT = iphoneos;
				TARGETED_DEVICE_FAMILY = "1,2";
				VALIDATE_PRODUCT = YES;
			};
			name = Release;
		};
		AE2323AD16F78A17002C2082 /* Debug */ = {
			isa = XCBuildConfiguration;
			buildSettings = {
				GCC_PRECOMPILE_PREFIX_HEADER = YES;
				GCC_PREFIX_HEADER = "MoPubSampleApp/MoPubSampleApp-Prefix.pch";
				HEADER_SEARCH_PATHS = (
					"$(SRCROOT)/MoPubSDK/**",
					"$(SRCROOT)/Externals/**",
				);
				INFOPLIST_FILE = "MoPubSampleApp/MoPubSampleApp-Info.plist";
				LIBRARY_SEARCH_PATHS = (
					"$(inherited)",
					"\"$(SRCROOT)/build/Release-iphoneos\"",
				);
				OTHER_LDFLAGS = "-ObjC";
				PRODUCT_NAME = "$(TARGET_NAME)";
				USER_HEADER_SEARCH_PATHS = "";
				WRAPPER_EXTENSION = app;
			};
			name = Debug;
		};
		AE2323AE16F78A17002C2082 /* Release */ = {
			isa = XCBuildConfiguration;
			buildSettings = {
				GCC_PRECOMPILE_PREFIX_HEADER = YES;
				GCC_PREFIX_HEADER = "MoPubSampleApp/MoPubSampleApp-Prefix.pch";
				HEADER_SEARCH_PATHS = (
					"$(SRCROOT)/MoPubSDK/**",
					"$(SRCROOT)/Externals/**",
				);
				INFOPLIST_FILE = "MoPubSampleApp/MoPubSampleApp-Info.plist";
				LIBRARY_SEARCH_PATHS = (
					"$(inherited)",
					"\"$(SRCROOT)/build/Release-iphoneos\"",
				);
				OTHER_LDFLAGS = "-ObjC";
				PRODUCT_NAME = "$(TARGET_NAME)";
				USER_HEADER_SEARCH_PATHS = "";
				WRAPPER_EXTENSION = app;
			};
			name = Release;
		};
		AED9E46B16F78D7400EA71A7 /* Debug */ = {
			isa = XCBuildConfiguration;
			buildSettings = {
				CLANG_ENABLE_OBJC_ARC = YES;
				"CODE_SIGN_IDENTITY[sdk=iphoneos*]" = "iPhone Developer";
				FRAMEWORK_SEARCH_PATHS = (
					"$(inherited)",
					"\"$(SRCROOT)/MoPubSampleAppSpecs/SampleAppSpecs/Frameworks\"",
				);
				GCC_PRECOMPILE_PREFIX_HEADER = YES;
				GCC_PREFIX_HEADER = "MoPubSampleAppSpecs/SampleAppSpecs/SampleAppSpecs-Prefix.pch";
				HEADER_SEARCH_PATHS = (
					"\"$(SRCROOT)/Externals\"/**",
					"$(SRCROOT)/MoPubSDK/**",
				);
				INFOPLIST_FILE = "$(SRCROOT)/MoPubSampleAppSpecs/SampleAppSpecs/SampleAppSpecs-Info.plist";
				OTHER_CFLAGS = "-Wno-objc-protocol-method-implementation";
				OTHER_LDFLAGS = (
					"-ObjC",
					"-all_load",
					"-lstdc++",
				);
				PRODUCT_NAME = "$(TARGET_NAME)";
				WRAPPER_EXTENSION = app;
			};
			name = Debug;
		};
		AED9E46C16F78D7400EA71A7 /* Release */ = {
			isa = XCBuildConfiguration;
			buildSettings = {
				CLANG_ENABLE_OBJC_ARC = YES;
				"CODE_SIGN_IDENTITY[sdk=iphoneos*]" = "iPhone Developer";
				FRAMEWORK_SEARCH_PATHS = (
					"$(inherited)",
					"\"$(SRCROOT)/MoPubSampleAppSpecs/SampleAppSpecs/Frameworks\"",
				);
				GCC_PRECOMPILE_PREFIX_HEADER = YES;
				GCC_PREFIX_HEADER = "MoPubSampleAppSpecs/SampleAppSpecs/SampleAppSpecs-Prefix.pch";
				HEADER_SEARCH_PATHS = (
					"\"$(SRCROOT)/Externals\"/**",
					"$(SRCROOT)/MoPubSDK/**",
				);
				INFOPLIST_FILE = "$(SRCROOT)/MoPubSampleAppSpecs/SampleAppSpecs/SampleAppSpecs-Info.plist";
				OTHER_CFLAGS = "-DNS_BLOCK_ASSERTIONS=1";
				OTHER_LDFLAGS = (
					"-ObjC",
					"-all_load",
					"-lstdc++",
				);
				PRODUCT_NAME = "$(TARGET_NAME)";
				WRAPPER_EXTENSION = app;
			};
			name = Release;
		};
		AED9E50B16F7B8A600EA71A7 /* Debug */ = {
			isa = XCBuildConfiguration;
			buildSettings = {
				GCC_PRECOMPILE_PREFIX_HEADER = YES;
				GCC_PREFIX_HEADER = "MoPubSampleAppSpecs/SampleAppKIF/SampleAppKIF-Prefix.pch";
				GCC_PREPROCESSOR_DEFINITIONS = (
					"DEBUG=1",
					"$(inherited)",
					"RUN_KIF_TESTS=1",
				);
				HEADER_SEARCH_PATHS = (
					"$(SRCROOT)/MoPubSDK/**",
					"$(SRCROOT)/Externals/**",
				);
				INFOPLIST_FILE = "$(SRCROOT)/MoPubSampleAppSpecs/SampleAppKIF/SampleAppKIF-Info.plist";
				LIBRARY_SEARCH_PATHS = (
					"$(inherited)",
					"\"$(SRCROOT)/build/Release-iphoneos\"",
				);
				OTHER_CFLAGS = "-Wno-objc-protocol-method-implementation";
				OTHER_LDFLAGS = (
					"-ObjC",
					"-all_load",
				);
				PRODUCT_NAME = SampleAppKIF;
				USER_HEADER_SEARCH_PATHS = "";
				WRAPPER_EXTENSION = app;
			};
			name = Debug;
		};
		AED9E50C16F7B8A600EA71A7 /* Release */ = {
			isa = XCBuildConfiguration;
			buildSettings = {
				GCC_PRECOMPILE_PREFIX_HEADER = YES;
				GCC_PREFIX_HEADER = "MoPubSampleAppSpecs/SampleAppKIF/SampleAppKIF-Prefix.pch";
				HEADER_SEARCH_PATHS = (
					"$(SRCROOT)/MoPubSDK/**",
					"$(SRCROOT)/Externals/**",
				);
				INFOPLIST_FILE = "$(SRCROOT)/MoPubSampleAppSpecs/SampleAppKIF/SampleAppKIF-Info.plist";
				LIBRARY_SEARCH_PATHS = (
					"$(inherited)",
					"\"$(SRCROOT)/build/Release-iphoneos\"",
				);
				OTHER_LDFLAGS = (
					"-ObjC",
					"-all_load",
				);
				PRODUCT_NAME = SampleAppKIF;
				USER_HEADER_SEARCH_PATHS = "";
				WRAPPER_EXTENSION = app;
			};
			name = Release;
		};
/* End XCBuildConfiguration section */

/* Begin XCConfigurationList section */
		AE23238A16F78A17002C2082 /* Build configuration list for PBXProject "MoPubSampleApp" */ = {
			isa = XCConfigurationList;
			buildConfigurations = (
				AE2323AA16F78A17002C2082 /* Debug */,
				AE2323AB16F78A17002C2082 /* Release */,
			);
			defaultConfigurationIsVisible = 0;
			defaultConfigurationName = Release;
		};
		AE2323AC16F78A17002C2082 /* Build configuration list for PBXNativeTarget "MoPubSampleApp" */ = {
			isa = XCConfigurationList;
			buildConfigurations = (
				AE2323AD16F78A17002C2082 /* Debug */,
				AE2323AE16F78A17002C2082 /* Release */,
			);
			defaultConfigurationIsVisible = 0;
			defaultConfigurationName = Release;
		};
		AED9E46A16F78D7400EA71A7 /* Build configuration list for PBXNativeTarget "SampleAppSpecs" */ = {
			isa = XCConfigurationList;
			buildConfigurations = (
				AED9E46B16F78D7400EA71A7 /* Debug */,
				AED9E46C16F78D7400EA71A7 /* Release */,
			);
			defaultConfigurationIsVisible = 0;
			defaultConfigurationName = Release;
		};
		AED9E50A16F7B8A600EA71A7 /* Build configuration list for PBXNativeTarget "SampleAppKIF" */ = {
			isa = XCConfigurationList;
			buildConfigurations = (
				AED9E50B16F7B8A600EA71A7 /* Debug */,
				AED9E50C16F7B8A600EA71A7 /* Release */,
			);
			defaultConfigurationIsVisible = 0;
			defaultConfigurationName = Release;
		};
/* End XCConfigurationList section */
	};
	rootObject = AE23238716F78A17002C2082 /* Project object */;
}
